// !$*UTF8*$!
{
	archiveVersion = 1;
	classes = {
	};
	objectVersion = 46;
	objects = {

/* Begin PBXBuildFile section */
		B31B6D5215C13D5200854074 /* Foundation.framework in Frameworks */ = {isa = PBXBuildFile; fileRef = B31B6D5115C13D5200854074 /* Foundation.framework */; };
		B31B6D6F15C1467100854074 /* CoreFoundation.framework in Frameworks */ = {isa = PBXBuildFile; fileRef = B31B6D6E15C1467100854074 /* CoreFoundation.framework */; };
		B37C3A5D162717A200B50A60 /* ForgeCore.framework in Frameworks */ = {isa = PBXBuildFile; fileRef = B37C3A5C162717A200B50A60 /* ForgeCore.framework */; };
		B3CC61F21716ECB500A1A8EF /* urbanairship_API.m in Sources */ = {isa = PBXBuildFile; fileRef = B3CC61F01716ECB500A1A8EF /* urbanairship_API.m */; };
		B3CC61F41716ECBB00A1A8EF /* urbanairship_EventListener.m in Sources */ = {isa = PBXBuildFile; fileRef = B3CC61F31716ECBB00A1A8EF /* urbanairship_EventListener.m */; };
		B3FC51F815C151E5003574D9 /* UIKit.framework in Frameworks */ = {isa = PBXBuildFile; fileRef = B3FC51F715C151E5003574D9 /* UIKit.framework */; };
		B3FC51FF15C1523D003574D9 /* CoreGraphics.framework in Frameworks */ = {isa = PBXBuildFile; fileRef = B3FC51FE15C1523D003574D9 /* CoreGraphics.framework */; };
		B3FC524215C177EA003574D9 /* AssetsLibrary.framework in Frameworks */ = {isa = PBXBuildFile; fileRef = B3FC524115C177EA003574D9 /* AssetsLibrary.framework */; };
		B3FC524815C17B2C003574D9 /* SystemConfiguration.framework in Frameworks */ = {isa = PBXBuildFile; fileRef = B3FC524715C17B2C003574D9 /* SystemConfiguration.framework */; };
		C197C7AA177349EC008FD463 /* libUAirship-1.4.0.a in Frameworks */ = {isa = PBXBuildFile; fileRef = C197C7A9177349EC008FD463 /* libUAirship-1.4.0.a */; };
		C197C7AE17734BD6008FD463 /* UAAppDelegateSurrogate.m in Sources */ = {isa = PBXBuildFile; fileRef = C197C7AC17734BD6008FD463 /* UAAppDelegateSurrogate.m */; };
/* End PBXBuildFile section */

/* Begin PBXFileReference section */
		B31B6D4E15C13D5200854074 /* libForgeModule.a */ = {isa = PBXFileReference; explicitFileType = archive.ar; includeInIndex = 0; path = libForgeModule.a; sourceTree = BUILT_PRODUCTS_DIR; };
		B31B6D5115C13D5200854074 /* Foundation.framework */ = {isa = PBXFileReference; lastKnownFileType = wrapper.framework; name = Foundation.framework; path = System/Library/Frameworks/Foundation.framework; sourceTree = SDKROOT; };
		B31B6D6D15C1467100854074 /* odr_ua.bundle */ = {isa = PBXFileReference; explicitFileType = wrapper.cfbundle; includeInIndex = 0; path = odr_ua.bundle; sourceTree = BUILT_PRODUCTS_DIR; };
		B31B6D6E15C1467100854074 /* CoreFoundation.framework */ = {isa = PBXFileReference; lastKnownFileType = wrapper.framework; name = CoreFoundation.framework; path = System/Library/Frameworks/CoreFoundation.framework; sourceTree = SDKROOT; };
		B37C3A5C162717A200B50A60 /* ForgeCore.framework */ = {isa = PBXFileReference; lastKnownFileType = wrapper.framework; name = ForgeCore.framework; path = ../ForgeCore.framework; sourceTree = "<group>"; };
		B3CC61EF1716ECB500A1A8EF /* urbanairship_API.h */ = {isa = PBXFileReference; fileEncoding = 4; lastKnownFileType = sourcecode.c.h; path = urbanairship_API.h; sourceTree = "<group>"; };
		B3CC61F01716ECB500A1A8EF /* urbanairship_API.m */ = {isa = PBXFileReference; fileEncoding = 4; lastKnownFileType = sourcecode.c.objc; path = urbanairship_API.m; sourceTree = "<group>"; };
		B3CC61F11716ECB500A1A8EF /* urbanairship_EventListener.h */ = {isa = PBXFileReference; fileEncoding = 4; lastKnownFileType = sourcecode.c.h; path = urbanairship_EventListener.h; sourceTree = "<group>"; };
		B3CC61F31716ECBB00A1A8EF /* urbanairship_EventListener.m */ = {isa = PBXFileReference; fileEncoding = 4; lastKnownFileType = sourcecode.c.objc; path = urbanairship_EventListener.m; sourceTree = "<group>"; };
		B3FC51F715C151E5003574D9 /* UIKit.framework */ = {isa = PBXFileReference; lastKnownFileType = wrapper.framework; name = UIKit.framework; path = System/Library/Frameworks/UIKit.framework; sourceTree = SDKROOT; };
		B3FC51FE15C1523D003574D9 /* CoreGraphics.framework */ = {isa = PBXFileReference; lastKnownFileType = wrapper.framework; name = CoreGraphics.framework; path = System/Library/Frameworks/CoreGraphics.framework; sourceTree = SDKROOT; };
		B3FC524115C177EA003574D9 /* AssetsLibrary.framework */ = {isa = PBXFileReference; lastKnownFileType = wrapper.framework; name = AssetsLibrary.framework; path = System/Library/Frameworks/AssetsLibrary.framework; sourceTree = SDKROOT; };
		B3FC524715C17B2C003574D9 /* SystemConfiguration.framework */ = {isa = PBXFileReference; lastKnownFileType = wrapper.framework; name = SystemConfiguration.framework; path = System/Library/Frameworks/SystemConfiguration.framework; sourceTree = SDKROOT; };
		C197C74C177349EC008FD463 /* UAAnalytics.h */ = {isa = PBXFileReference; fileEncoding = 4; lastKnownFileType = sourcecode.c.h; path = UAAnalytics.h; sourceTree = "<group>"; };
		C197C74D177349EC008FD463 /* UAAnalyticsDBManager.h */ = {isa = PBXFileReference; fileEncoding = 4; lastKnownFileType = sourcecode.c.h; path = UAAnalyticsDBManager.h; sourceTree = "<group>"; };
		C197C74E177349EC008FD463 /* UAAsycImageView.h */ = {isa = PBXFileReference; fileEncoding = 4; lastKnownFileType = sourcecode.c.h; path = UAAsycImageView.h; sourceTree = "<group>"; };
		C197C74F177349EC008FD463 /* UABarButtonSegmentedControl.h */ = {isa = PBXFileReference; fileEncoding = 4; lastKnownFileType = sourcecode.c.h; path = UABarButtonSegmentedControl.h; sourceTree = "<group>"; };
		C197C750177349EC008FD463 /* UABaseLocationProvider.h */ = {isa = PBXFileReference; fileEncoding = 4; lastKnownFileType = sourcecode.c.h; path = UABaseLocationProvider.h; sourceTree = "<group>"; };
		C197C751177349EC008FD463 /* UAContentURLCache.h */ = {isa = PBXFileReference; fileEncoding = 4; lastKnownFileType = sourcecode.c.h; path = UAContentURLCache.h; sourceTree = "<group>"; };
		C197C752177349EC008FD463 /* UADateUtils.h */ = {isa = PBXFileReference; fileEncoding = 4; lastKnownFileType = sourcecode.c.h; path = UADateUtils.h; sourceTree = "<group>"; };
		C197C753177349EC008FD463 /* UADownloadContent.h */ = {isa = PBXFileReference; fileEncoding = 4; lastKnownFileType = sourcecode.c.h; path = UADownloadContent.h; sourceTree = "<group>"; };
		C197C754177349EC008FD463 /* UADownloadManager.h */ = {isa = PBXFileReference; fileEncoding = 4; lastKnownFileType = sourcecode.c.h; path = UADownloadManager.h; sourceTree = "<group>"; };
		C197C755177349EC008FD463 /* UAEvent.h */ = {isa = PBXFileReference; fileEncoding = 4; lastKnownFileType = sourcecode.c.h; path = UAEvent.h; sourceTree = "<group>"; };
		C197C756177349EC008FD463 /* UAGlobal.h */ = {isa = PBXFileReference; fileEncoding = 4; lastKnownFileType = sourcecode.c.h; path = UAGlobal.h; sourceTree = "<group>"; };
		C197C757177349EC008FD463 /* UAHTTPConnection.h */ = {isa = PBXFileReference; fileEncoding = 4; lastKnownFileType = sourcecode.c.h; path = UAHTTPConnection.h; sourceTree = "<group>"; };
		C197C758177349EC008FD463 /* UAKeychainUtils.h */ = {isa = PBXFileReference; fileEncoding = 4; lastKnownFileType = sourcecode.c.h; path = UAKeychainUtils.h; sourceTree = "<group>"; };
		C197C759177349EC008FD463 /* UALocalStorageDirectory.h */ = {isa = PBXFileReference; fileEncoding = 4; lastKnownFileType = sourcecode.c.h; path = UALocalStorageDirectory.h; sourceTree = "<group>"; };
		C197C75A177349EC008FD463 /* UALocationCommonValues.h */ = {isa = PBXFileReference; fileEncoding = 4; lastKnownFileType = sourcecode.c.h; path = UALocationCommonValues.h; sourceTree = "<group>"; };
		C197C75B177349EC008FD463 /* UALocationEvent.h */ = {isa = PBXFileReference; fileEncoding = 4; lastKnownFileType = sourcecode.c.h; path = UALocationEvent.h; sourceTree = "<group>"; };
		C197C75C177349EC008FD463 /* UALocationProviderDelegate.h */ = {isa = PBXFileReference; fileEncoding = 4; lastKnownFileType = sourcecode.c.h; path = UALocationProviderDelegate.h; sourceTree = "<group>"; };
		C197C75D177349EC008FD463 /* UALocationProviderProtocol.h */ = {isa = PBXFileReference; fileEncoding = 4; lastKnownFileType = sourcecode.c.h; path = UALocationProviderProtocol.h; sourceTree = "<group>"; };
		C197C75E177349EC008FD463 /* UALocationService.h */ = {isa = PBXFileReference; fileEncoding = 4; lastKnownFileType = sourcecode.c.h; path = UALocationService.h; sourceTree = "<group>"; };
		C197C75F177349EC008FD463 /* UAObservable.h */ = {isa = PBXFileReference; fileEncoding = 4; lastKnownFileType = sourcecode.c.h; path = UAObservable.h; sourceTree = "<group>"; };
		C197C760177349EC008FD463 /* UASignificantChangeProvider.h */ = {isa = PBXFileReference; fileEncoding = 4; lastKnownFileType = sourcecode.c.h; path = UASignificantChangeProvider.h; sourceTree = "<group>"; };
		C197C761177349EC008FD463 /* UASQLite.h */ = {isa = PBXFileReference; fileEncoding = 4; lastKnownFileType = sourcecode.c.h; path = UASQLite.h; sourceTree = "<group>"; };
		C197C762177349EC008FD463 /* UAStandardLocationProvider.h */ = {isa = PBXFileReference; fileEncoding = 4; lastKnownFileType = sourcecode.c.h; path = UAStandardLocationProvider.h; sourceTree = "<group>"; };
		C197C763177349EC008FD463 /* UATagUtils.h */ = {isa = PBXFileReference; fileEncoding = 4; lastKnownFileType = sourcecode.c.h; path = UATagUtils.h; sourceTree = "<group>"; };
		C197C764177349EC008FD463 /* UAUser.h */ = {isa = PBXFileReference; fileEncoding = 4; lastKnownFileType = sourcecode.c.h; path = UAUser.h; sourceTree = "<group>"; };
		C197C765177349EC008FD463 /* UAUtils.h */ = {isa = PBXFileReference; fileEncoding = 4; lastKnownFileType = sourcecode.c.h; path = UAUtils.h; sourceTree = "<group>"; };
		C197C766177349EC008FD463 /* UAViewUtils.h */ = {isa = PBXFileReference; fileEncoding = 4; lastKnownFileType = sourcecode.c.h; path = UAViewUtils.h; sourceTree = "<group>"; };
		C197C769177349EC008FD463 /* UA_ASIAuthenticationDialog.h */ = {isa = PBXFileReference; fileEncoding = 4; lastKnownFileType = sourcecode.c.h; path = UA_ASIAuthenticationDialog.h; sourceTree = "<group>"; };
		C197C76A177349EC008FD463 /* UA_ASICacheDelegate.h */ = {isa = PBXFileReference; fileEncoding = 4; lastKnownFileType = sourcecode.c.h; path = UA_ASICacheDelegate.h; sourceTree = "<group>"; };
		C197C76B177349EC008FD463 /* UA_ASIDataCompressor.h */ = {isa = PBXFileReference; fileEncoding = 4; lastKnownFileType = sourcecode.c.h; path = UA_ASIDataCompressor.h; sourceTree = "<group>"; };
		C197C76C177349EC008FD463 /* UA_ASIDataDecompressor.h */ = {isa = PBXFileReference; fileEncoding = 4; lastKnownFileType = sourcecode.c.h; path = UA_ASIDataDecompressor.h; sourceTree = "<group>"; };
		C197C76D177349EC008FD463 /* UA_ASIDownloadCache.h */ = {isa = PBXFileReference; fileEncoding = 4; lastKnownFileType = sourcecode.c.h; path = UA_ASIDownloadCache.h; sourceTree = "<group>"; };
		C197C76E177349EC008FD463 /* UA_ASIFormDataRequest.h */ = {isa = PBXFileReference; fileEncoding = 4; lastKnownFileType = sourcecode.c.h; path = UA_ASIFormDataRequest.h; sourceTree = "<group>"; };
		C197C76F177349EC008FD463 /* UA_ASIHTTPRequest.h */ = {isa = PBXFileReference; fileEncoding = 4; lastKnownFileType = sourcecode.c.h; path = UA_ASIHTTPRequest.h; sourceTree = "<group>"; };
		C197C770177349EC008FD463 /* UA_ASIHTTPRequestConfig.h */ = {isa = PBXFileReference; fileEncoding = 4; lastKnownFileType = sourcecode.c.h; path = UA_ASIHTTPRequestConfig.h; sourceTree = "<group>"; };
		C197C771177349EC008FD463 /* UA_ASIHTTPRequestDelegate.h */ = {isa = PBXFileReference; fileEncoding = 4; lastKnownFileType = sourcecode.c.h; path = UA_ASIHTTPRequestDelegate.h; sourceTree = "<group>"; };
		C197C772177349EC008FD463 /* UA_ASIInputStream.h */ = {isa = PBXFileReference; fileEncoding = 4; lastKnownFileType = sourcecode.c.h; path = UA_ASIInputStream.h; sourceTree = "<group>"; };
		C197C773177349EC008FD463 /* UA_ASINetworkQueue.h */ = {isa = PBXFileReference; fileEncoding = 4; lastKnownFileType = sourcecode.c.h; path = UA_ASINetworkQueue.h; sourceTree = "<group>"; };
		C197C774177349EC008FD463 /* UA_ASIProgressDelegate.h */ = {isa = PBXFileReference; fileEncoding = 4; lastKnownFileType = sourcecode.c.h; path = UA_ASIProgressDelegate.h; sourceTree = "<group>"; };
		C197C775177349EC008FD463 /* UA_Base64.h */ = {isa = PBXFileReference; fileEncoding = 4; lastKnownFileType = sourcecode.c.h; path = UA_Base64.h; sourceTree = "<group>"; };
		C197C777177349EC008FD463 /* UA_FMDatabase.h */ = {isa = PBXFileReference; fileEncoding = 4; lastKnownFileType = sourcecode.c.h; path = UA_FMDatabase.h; sourceTree = "<group>"; };
		C197C778177349EC008FD463 /* UA_FMResultSet.h */ = {isa = PBXFileReference; fileEncoding = 4; lastKnownFileType = sourcecode.c.h; path = UA_FMResultSet.h; sourceTree = "<group>"; };
		C197C77A177349EC008FD463 /* UA_SBJSON.h */ = {isa = PBXFileReference; fileEncoding = 4; lastKnownFileType = sourcecode.c.h; path = UA_SBJSON.h; sourceTree = "<group>"; };
		C197C77B177349EC008FD463 /* UA_SBJsonBase.h */ = {isa = PBXFileReference; fileEncoding = 4; lastKnownFileType = sourcecode.c.h; path = UA_SBJsonBase.h; sourceTree = "<group>"; };
		C197C77C177349EC008FD463 /* UA_SBJsonParser.h */ = {isa = PBXFileReference; fileEncoding = 4; lastKnownFileType = sourcecode.c.h; path = UA_SBJsonParser.h; sourceTree = "<group>"; };
		C197C77D177349EC008FD463 /* UA_SBJsonWriter.h */ = {isa = PBXFileReference; fileEncoding = 4; lastKnownFileType = sourcecode.c.h; path = UA_SBJsonWriter.h; sourceTree = "<group>"; };
		C197C77E177349EC008FD463 /* UA_Reachability.h */ = {isa = PBXFileReference; fileEncoding = 4; lastKnownFileType = sourcecode.c.h; path = UA_Reachability.h; sourceTree = "<group>"; };
		C197C780177349EC008FD463 /* UA_crypt.h */ = {isa = PBXFileReference; fileEncoding = 4; lastKnownFileType = sourcecode.c.h; path = UA_crypt.h; sourceTree = "<group>"; };
		C197C782177349EC008FD463 /* UA_ioapi.h */ = {isa = PBXFileReference; fileEncoding = 4; lastKnownFileType = sourcecode.c.h; path = UA_ioapi.h; sourceTree = "<group>"; };
		C197C783177349EC008FD463 /* UA_mztools.h */ = {isa = PBXFileReference; fileEncoding = 4; lastKnownFileType = sourcecode.c.h; path = UA_mztools.h; sourceTree = "<group>"; };
		C197C784177349EC008FD463 /* UA_unzip.h */ = {isa = PBXFileReference; fileEncoding = 4; lastKnownFileType = sourcecode.c.h; path = UA_unzip.h; sourceTree = "<group>"; };
		C197C785177349EC008FD463 /* UA_zconf.h */ = {isa = PBXFileReference; fileEncoding = 4; lastKnownFileType = sourcecode.c.h; path = UA_zconf.h; sourceTree = "<group>"; };
		C197C786177349EC008FD463 /* UA_zip.h */ = {isa = PBXFileReference; fileEncoding = 4; lastKnownFileType = sourcecode.c.h; path = UA_zip.h; sourceTree = "<group>"; };
		C197C787177349EC008FD463 /* UA_ZipArchive.h */ = {isa = PBXFileReference; fileEncoding = 4; lastKnownFileType = sourcecode.c.h; path = UA_ZipArchive.h; sourceTree = "<group>"; };
		C197C78A177349EC008FD463 /* UAirship.h */ = {isa = PBXFileReference; fileEncoding = 4; lastKnownFileType = sourcecode.c.h; path = UAirship.h; sourceTree = "<group>"; };
		C197C78C177349EC008FD463 /* UAInbox.h */ = {isa = PBXFileReference; fileEncoding = 4; lastKnownFileType = sourcecode.c.h; path = UAInbox.h; sourceTree = "<group>"; };
		C197C78D177349EC008FD463 /* UAInboxDBManager.h */ = {isa = PBXFileReference; fileEncoding = 4; lastKnownFileType = sourcecode.c.h; path = UAInboxDBManager.h; sourceTree = "<group>"; };
		C197C78E177349EC008FD463 /* UAInboxDefaultJSDelegate.h */ = {isa = PBXFileReference; fileEncoding = 4; lastKnownFileType = sourcecode.c.h; path = UAInboxDefaultJSDelegate.h; sourceTree = "<group>"; };
		C197C78F177349EC008FD463 /* UAInboxMessage.h */ = {isa = PBXFileReference; fileEncoding = 4; lastKnownFileType = sourcecode.c.h; path = UAInboxMessage.h; sourceTree = "<group>"; };
		C197C790177349EC008FD463 /* UAInboxMessageList.h */ = {isa = PBXFileReference; fileEncoding = 4; lastKnownFileType = sourcecode.c.h; path = UAInboxMessageList.h; sourceTree = "<group>"; };
		C197C791177349EC008FD463 /* UAInboxMessageListObserver.h */ = {isa = PBXFileReference; fileEncoding = 4; lastKnownFileType = sourcecode.c.h; path = UAInboxMessageListObserver.h; sourceTree = "<group>"; };
		C197C792177349EC008FD463 /* UAInboxPushHandler.h */ = {isa = PBXFileReference; fileEncoding = 4; lastKnownFileType = sourcecode.c.h; path = UAInboxPushHandler.h; sourceTree = "<group>"; };
		C197C793177349EC008FD463 /* UAInboxURLCache.h */ = {isa = PBXFileReference; fileEncoding = 4; lastKnownFileType = sourcecode.c.h; path = UAInboxURLCache.h; sourceTree = "<group>"; };
		C197C795177349EC008FD463 /* UAPush.h */ = {isa = PBXFileReference; fileEncoding = 4; lastKnownFileType = sourcecode.c.h; path = UAPush.h; sourceTree = "<group>"; };
		C197C797177349EC008FD463 /* UAInventory.h */ = {isa = PBXFileReference; fileEncoding = 4; lastKnownFileType = sourcecode.c.h; path = UAInventory.h; sourceTree = "<group>"; };
		C197C798177349EC008FD463 /* UAProduct.h */ = {isa = PBXFileReference; fileEncoding = 4; lastKnownFileType = sourcecode.c.h; path = UAProduct.h; sourceTree = "<group>"; };
		C197C799177349EC008FD463 /* UAStoreFront.h */ = {isa = PBXFileReference; fileEncoding = 4; lastKnownFileType = sourcecode.c.h; path = UAStoreFront.h; sourceTree = "<group>"; };
		C197C79A177349EC008FD463 /* UAStoreFrontAlertProtocol.h */ = {isa = PBXFileReference; fileEncoding = 4; lastKnownFileType = sourcecode.c.h; path = UAStoreFrontAlertProtocol.h; sourceTree = "<group>"; };
		C197C79B177349EC008FD463 /* UAStoreFrontDelegate.h */ = {isa = PBXFileReference; fileEncoding = 4; lastKnownFileType = sourcecode.c.h; path = UAStoreFrontDelegate.h; sourceTree = "<group>"; };
		C197C79C177349EC008FD463 /* UAStoreFrontDownloadManager.h */ = {isa = PBXFileReference; fileEncoding = 4; lastKnownFileType = sourcecode.c.h; path = UAStoreFrontDownloadManager.h; sourceTree = "<group>"; };
		C197C79D177349EC008FD463 /* UAStoreKitObserver.h */ = {isa = PBXFileReference; fileEncoding = 4; lastKnownFileType = sourcecode.c.h; path = UAStoreKitObserver.h; sourceTree = "<group>"; };
		C197C79F177349EC008FD463 /* UAContentInventory.h */ = {isa = PBXFileReference; fileEncoding = 4; lastKnownFileType = sourcecode.c.h; path = UAContentInventory.h; sourceTree = "<group>"; };
		C197C7A0177349EC008FD463 /* UAProductInventory.h */ = {isa = PBXFileReference; fileEncoding = 4; lastKnownFileType = sourcecode.c.h; path = UAProductInventory.h; sourceTree = "<group>"; };
		C197C7A1177349EC008FD463 /* UASubscription.h */ = {isa = PBXFileReference; fileEncoding = 4; lastKnownFileType = sourcecode.c.h; path = UASubscription.h; sourceTree = "<group>"; };
		C197C7A2177349EC008FD463 /* UASubscriptionAlertProtocol.h */ = {isa = PBXFileReference; fileEncoding = 4; lastKnownFileType = sourcecode.c.h; path = UASubscriptionAlertProtocol.h; sourceTree = "<group>"; };
		C197C7A3177349EC008FD463 /* UASubscriptionContent.h */ = {isa = PBXFileReference; fileEncoding = 4; lastKnownFileType = sourcecode.c.h; path = UASubscriptionContent.h; sourceTree = "<group>"; };
		C197C7A4177349EC008FD463 /* UASubscriptionDownloadManager.h */ = {isa = PBXFileReference; fileEncoding = 4; lastKnownFileType = sourcecode.c.h; path = UASubscriptionDownloadManager.h; sourceTree = "<group>"; };
		C197C7A5177349EC008FD463 /* UASubscriptionInventory.h */ = {isa = PBXFileReference; fileEncoding = 4; lastKnownFileType = sourcecode.c.h; path = UASubscriptionInventory.h; sourceTree = "<group>"; };
		C197C7A6177349EC008FD463 /* UASubscriptionManager.h */ = {isa = PBXFileReference; fileEncoding = 4; lastKnownFileType = sourcecode.c.h; path = UASubscriptionManager.h; sourceTree = "<group>"; };
		C197C7A7177349EC008FD463 /* UASubscriptionObserver.h */ = {isa = PBXFileReference; fileEncoding = 4; lastKnownFileType = sourcecode.c.h; path = UASubscriptionObserver.h; sourceTree = "<group>"; };
		C197C7A8177349EC008FD463 /* UASubscriptionProduct.h */ = {isa = PBXFileReference; fileEncoding = 4; lastKnownFileType = sourcecode.c.h; path = UASubscriptionProduct.h; sourceTree = "<group>"; };
		C197C7A9177349EC008FD463 /* libUAirship-1.4.0.a */ = {isa = PBXFileReference; lastKnownFileType = archive.ar; path = "libUAirship-1.4.0.a"; sourceTree = "<group>"; };
		C197C7AC17734BD6008FD463 /* UAAppDelegateSurrogate.m */ = {isa = PBXFileReference; fileEncoding = 4; lastKnownFileType = sourcecode.c.objc; path = UAAppDelegateSurrogate.m; sourceTree = "<group>"; };
		C197C7AD17734BD6008FD463 /* UAAppDelegateSurrogate.h */ = {isa = PBXFileReference; fileEncoding = 4; lastKnownFileType = sourcecode.c.h; path = UAAppDelegateSurrogate.h; sourceTree = "<group>"; };
/* End PBXFileReference section */

/* Begin PBXFrameworksBuildPhase section */
		B31B6D4B15C13D5200854074 /* Frameworks */ = {
			isa = PBXFrameworksBuildPhase;
			buildActionMask = 2147483647;
			files = (
				B3FC524815C17B2C003574D9 /* SystemConfiguration.framework in Frameworks */,
				B3FC524215C177EA003574D9 /* AssetsLibrary.framework in Frameworks */,
				B3FC51FF15C1523D003574D9 /* CoreGraphics.framework in Frameworks */,
				B3FC51F815C151E5003574D9 /* UIKit.framework in Frameworks */,
				B31B6D5215C13D5200854074 /* Foundation.framework in Frameworks */,
				B37C3A5D162717A200B50A60 /* ForgeCore.framework in Frameworks */,
				C197C7AA177349EC008FD463 /* libUAirship-1.4.0.a in Frameworks */,
			);
			runOnlyForDeploymentPostprocessing = 0;
		};
		B31B6D6A15C1467100854074 /* Frameworks */ = {
			isa = PBXFrameworksBuildPhase;
			buildActionMask = 2147483647;
			files = (
				B31B6D6F15C1467100854074 /* CoreFoundation.framework in Frameworks */,
			);
			runOnlyForDeploymentPostprocessing = 0;
		};
/* End PBXFrameworksBuildPhase section */

/* Begin PBXGroup section */
		B31B6D4315C13D5200854074 = {
			isa = PBXGroup;
			children = (
				C197C7AC17734BD6008FD463 /* UAAppDelegateSurrogate.m */,
				C197C7AD17734BD6008FD463 /* UAAppDelegateSurrogate.h */,
				C197C74A177349EC008FD463 /* Airship */,
				B3CC61EF1716ECB500A1A8EF /* urbanairship_API.h */,
				B3CC61F01716ECB500A1A8EF /* urbanairship_API.m */,
				B3CC61F11716ECB500A1A8EF /* urbanairship_EventListener.h */,
				B3CC61F31716ECBB00A1A8EF /* urbanairship_EventListener.m */,
				B31B6D5015C13D5200854074 /* Frameworks */,
				B31B6D4F15C13D5200854074 /* Products */,
			);
			sourceTree = "<group>";
		};
		B31B6D4F15C13D5200854074 /* Products */ = {
			isa = PBXGroup;
			children = (
				B31B6D4E15C13D5200854074 /* libForgeModule.a */,
				B31B6D6D15C1467100854074 /* odr_ua.bundle */,
			);
			name = Products;
			sourceTree = "<group>";
		};
		B31B6D5015C13D5200854074 /* Frameworks */ = {
			isa = PBXGroup;
			children = (
				B37C3A5C162717A200B50A60 /* ForgeCore.framework */,
				B3FC524715C17B2C003574D9 /* SystemConfiguration.framework */,
				B3FC524115C177EA003574D9 /* AssetsLibrary.framework */,
				B3FC51FE15C1523D003574D9 /* CoreGraphics.framework */,
				B3FC51F715C151E5003574D9 /* UIKit.framework */,
				B31B6D5115C13D5200854074 /* Foundation.framework */,
				B31B6D6E15C1467100854074 /* CoreFoundation.framework */,
			);
			name = Frameworks;
			sourceTree = "<group>";
		};
		C197C74A177349EC008FD463 /* Airship */ = {
			isa = PBXGroup;
			children = (
				C197C74B177349EC008FD463 /* Common */,
				C197C767177349EC008FD463 /* External */,
				C197C788177349EC008FD463 /* Library */,
				C197C7A9177349EC008FD463 /* libUAirship-1.4.0.a */,
			);
			path = Airship;
			sourceTree = "<group>";
		};
		C197C74B177349EC008FD463 /* Common */ = {
			isa = PBXGroup;
			children = (
				C197C74C177349EC008FD463 /* UAAnalytics.h */,
				C197C74D177349EC008FD463 /* UAAnalyticsDBManager.h */,
				C197C74E177349EC008FD463 /* UAAsycImageView.h */,
				C197C74F177349EC008FD463 /* UABarButtonSegmentedControl.h */,
				C197C750177349EC008FD463 /* UABaseLocationProvider.h */,
				C197C751177349EC008FD463 /* UAContentURLCache.h */,
				C197C752177349EC008FD463 /* UADateUtils.h */,
				C197C753177349EC008FD463 /* UADownloadContent.h */,
				C197C754177349EC008FD463 /* UADownloadManager.h */,
				C197C755177349EC008FD463 /* UAEvent.h */,
				C197C756177349EC008FD463 /* UAGlobal.h */,
				C197C757177349EC008FD463 /* UAHTTPConnection.h */,
				C197C758177349EC008FD463 /* UAKeychainUtils.h */,
				C197C759177349EC008FD463 /* UALocalStorageDirectory.h */,
				C197C75A177349EC008FD463 /* UALocationCommonValues.h */,
				C197C75B177349EC008FD463 /* UALocationEvent.h */,
				C197C75C177349EC008FD463 /* UALocationProviderDelegate.h */,
				C197C75D177349EC008FD463 /* UALocationProviderProtocol.h */,
				C197C75E177349EC008FD463 /* UALocationService.h */,
				C197C75F177349EC008FD463 /* UAObservable.h */,
				C197C760177349EC008FD463 /* UASignificantChangeProvider.h */,
				C197C761177349EC008FD463 /* UASQLite.h */,
				C197C762177349EC008FD463 /* UAStandardLocationProvider.h */,
				C197C763177349EC008FD463 /* UATagUtils.h */,
				C197C764177349EC008FD463 /* UAUser.h */,
				C197C765177349EC008FD463 /* UAUtils.h */,
				C197C766177349EC008FD463 /* UAViewUtils.h */,
			);
			path = Common;
			sourceTree = "<group>";
		};
		C197C767177349EC008FD463 /* External */ = {
			isa = PBXGroup;
			children = (
				C197C768177349EC008FD463 /* UA_asi-http-request */,
				C197C775177349EC008FD463 /* UA_Base64.h */,
				C197C776177349EC008FD463 /* UA_fmdb */,
				C197C779177349EC008FD463 /* UA_json-framework */,
				C197C77E177349EC008FD463 /* UA_Reachability.h */,
				C197C77F177349EC008FD463 /* UA_ZipFile-OC */,
			);
			path = External;
			sourceTree = "<group>";
		};
		C197C768177349EC008FD463 /* UA_asi-http-request */ = {
			isa = PBXGroup;
			children = (
				C197C769177349EC008FD463 /* UA_ASIAuthenticationDialog.h */,
				C197C76A177349EC008FD463 /* UA_ASICacheDelegate.h */,
				C197C76B177349EC008FD463 /* UA_ASIDataCompressor.h */,
				C197C76C177349EC008FD463 /* UA_ASIDataDecompressor.h */,
				C197C76D177349EC008FD463 /* UA_ASIDownloadCache.h */,
				C197C76E177349EC008FD463 /* UA_ASIFormDataRequest.h */,
				C197C76F177349EC008FD463 /* UA_ASIHTTPRequest.h */,
				C197C770177349EC008FD463 /* UA_ASIHTTPRequestConfig.h */,
				C197C771177349EC008FD463 /* UA_ASIHTTPRequestDelegate.h */,
				C197C772177349EC008FD463 /* UA_ASIInputStream.h */,
				C197C773177349EC008FD463 /* UA_ASINetworkQueue.h */,
				C197C774177349EC008FD463 /* UA_ASIProgressDelegate.h */,
			);
			path = "UA_asi-http-request";
			sourceTree = "<group>";
		};
		C197C776177349EC008FD463 /* UA_fmdb */ = {
			isa = PBXGroup;
			children = (
				C197C777177349EC008FD463 /* UA_FMDatabase.h */,
				C197C778177349EC008FD463 /* UA_FMResultSet.h */,
			);
			path = UA_fmdb;
			sourceTree = "<group>";
		};
		C197C779177349EC008FD463 /* UA_json-framework */ = {
			isa = PBXGroup;
			children = (
				C197C77A177349EC008FD463 /* UA_SBJSON.h */,
				C197C77B177349EC008FD463 /* UA_SBJsonBase.h */,
				C197C77C177349EC008FD463 /* UA_SBJsonParser.h */,
				C197C77D177349EC008FD463 /* UA_SBJsonWriter.h */,
			);
			path = "UA_json-framework";
			sourceTree = "<group>";
		};
		C197C77F177349EC008FD463 /* UA_ZipFile-OC */ = {
			isa = PBXGroup;
			children = (
				C197C780177349EC008FD463 /* UA_crypt.h */,
				C197C781177349EC008FD463 /* UA_minizip */,
				C197C787177349EC008FD463 /* UA_ZipArchive.h */,
			);
			path = "UA_ZipFile-OC";
			sourceTree = "<group>";
		};
		C197C781177349EC008FD463 /* UA_minizip */ = {
			isa = PBXGroup;
			children = (
				C197C782177349EC008FD463 /* UA_ioapi.h */,
				C197C783177349EC008FD463 /* UA_mztools.h */,
				C197C784177349EC008FD463 /* UA_unzip.h */,
				C197C785177349EC008FD463 /* UA_zconf.h */,
				C197C786177349EC008FD463 /* UA_zip.h */,
			);
			path = UA_minizip;
			sourceTree = "<group>";
		};
		C197C788177349EC008FD463 /* Library */ = {
			isa = PBXGroup;
			children = (
				C197C789177349EC008FD463 /* AirshipLib */,
				C197C78B177349EC008FD463 /* InboxLib */,
				C197C794177349EC008FD463 /* PushLib */,
				C197C796177349EC008FD463 /* StoreFrontLib */,
				C197C79E177349EC008FD463 /* SubscriptionLib */,
			);
			path = Library;
			sourceTree = "<group>";
		};
		C197C789177349EC008FD463 /* AirshipLib */ = {
			isa = PBXGroup;
			children = (
				C197C78A177349EC008FD463 /* UAirship.h */,
			);
			path = AirshipLib;
			sourceTree = "<group>";
		};
		C197C78B177349EC008FD463 /* InboxLib */ = {
			isa = PBXGroup;
			children = (
				C197C78C177349EC008FD463 /* UAInbox.h */,
				C197C78D177349EC008FD463 /* UAInboxDBManager.h */,
				C197C78E177349EC008FD463 /* UAInboxDefaultJSDelegate.h */,
				C197C78F177349EC008FD463 /* UAInboxMessage.h */,
				C197C790177349EC008FD463 /* UAInboxMessageList.h */,
				C197C791177349EC008FD463 /* UAInboxMessageListObserver.h */,
				C197C792177349EC008FD463 /* UAInboxPushHandler.h */,
				C197C793177349EC008FD463 /* UAInboxURLCache.h */,
			);
			path = InboxLib;
			sourceTree = "<group>";
		};
		C197C794177349EC008FD463 /* PushLib */ = {
			isa = PBXGroup;
			children = (
				C197C795177349EC008FD463 /* UAPush.h */,
			);
			path = PushLib;
			sourceTree = "<group>";
		};
		C197C796177349EC008FD463 /* StoreFrontLib */ = {
			isa = PBXGroup;
			children = (
				C197C797177349EC008FD463 /* UAInventory.h */,
				C197C798177349EC008FD463 /* UAProduct.h */,
				C197C799177349EC008FD463 /* UAStoreFront.h */,
				C197C79A177349EC008FD463 /* UAStoreFrontAlertProtocol.h */,
				C197C79B177349EC008FD463 /* UAStoreFrontDelegate.h */,
				C197C79C177349EC008FD463 /* UAStoreFrontDownloadManager.h */,
				C197C79D177349EC008FD463 /* UAStoreKitObserver.h */,
			);
			path = StoreFrontLib;
			sourceTree = "<group>";
		};
		C197C79E177349EC008FD463 /* SubscriptionLib */ = {
			isa = PBXGroup;
			children = (
				C197C79F177349EC008FD463 /* UAContentInventory.h */,
				C197C7A0177349EC008FD463 /* UAProductInventory.h */,
				C197C7A1177349EC008FD463 /* UASubscription.h */,
				C197C7A2177349EC008FD463 /* UASubscriptionAlertProtocol.h */,
				C197C7A3177349EC008FD463 /* UASubscriptionContent.h */,
				C197C7A4177349EC008FD463 /* UASubscriptionDownloadManager.h */,
				C197C7A5177349EC008FD463 /* UASubscriptionInventory.h */,
				C197C7A6177349EC008FD463 /* UASubscriptionManager.h */,
				C197C7A7177349EC008FD463 /* UASubscriptionObserver.h */,
				C197C7A8177349EC008FD463 /* UASubscriptionProduct.h */,
			);
			path = SubscriptionLib;
			sourceTree = "<group>";
		};
/* End PBXGroup section */

/* Begin PBXNativeTarget section */
		B31B6D4D15C13D5200854074 /* ForgeModule */ = {
			isa = PBXNativeTarget;
			buildConfigurationList = B31B6D5C15C13D5200854074 /* Build configuration list for PBXNativeTarget "ForgeModule" */;
			buildPhases = (
				B31B6D4A15C13D5200854074 /* Sources */,
				B31B6D4B15C13D5200854074 /* Frameworks */,
			);
			buildRules = (
			);
			dependencies = (
			);
			name = ForgeModule;
			productName = ForgeCore;
			productReference = B31B6D4E15C13D5200854074 /* libForgeModule.a */;
			productType = "com.apple.product-type.library.static";
		};
		B31B6D6C15C1467100854074 /* ForgeModuleResources */ = {
			isa = PBXNativeTarget;
			buildConfigurationList = B31B6D7715C1467100854074 /* Build configuration list for PBXNativeTarget "ForgeModuleResources" */;
			buildPhases = (
				B31B6D6915C1467100854074 /* Sources */,
				B31B6D6A15C1467100854074 /* Frameworks */,
				B31B6D6B15C1467100854074 /* Resources */,
			);
			buildRules = (
			);
			dependencies = (
			);
			name = ForgeModuleResources;
			productName = ForgeCoreResources;
			productReference = B31B6D6D15C1467100854074 /* odr_ua.bundle */;
			productType = "com.apple.product-type.bundle";
		};
/* End PBXNativeTarget section */

/* Begin PBXProject section */
		B31B6D4515C13D5200854074 /* Project object */ = {
			isa = PBXProject;
			attributes = {
				LastUpgradeCheck = 0440;
				ORGANIZATIONNAME = "Trigger Corp";
			};
			buildConfigurationList = B31B6D4815C13D5200854074 /* Build configuration list for PBXProject "ForgeModule" */;
			compatibilityVersion = "Xcode 3.2";
			developmentRegion = English;
			hasScannedForEncodings = 0;
			knownRegions = (
				en,
			);
			mainGroup = B31B6D4315C13D5200854074;
			productRefGroup = B31B6D4F15C13D5200854074 /* Products */;
			projectDirPath = "";
			projectRoot = "";
			targets = (
				B31B6D4D15C13D5200854074 /* ForgeModule */,
				B31B6D6C15C1467100854074 /* ForgeModuleResources */,
			);
		};
/* End PBXProject section */

/* Begin PBXResourcesBuildPhase section */
		B31B6D6B15C1467100854074 /* Resources */ = {
			isa = PBXResourcesBuildPhase;
			buildActionMask = 2147483647;
			files = (
			);
			runOnlyForDeploymentPostprocessing = 0;
		};
/* End PBXResourcesBuildPhase section */

/* Begin PBXSourcesBuildPhase section */
		B31B6D4A15C13D5200854074 /* Sources */ = {
			isa = PBXSourcesBuildPhase;
			buildActionMask = 2147483647;
			files = (
				B3CC61F21716ECB500A1A8EF /* urbanairship_API.m in Sources */,
				B3CC61F41716ECBB00A1A8EF /* urbanairship_EventListener.m in Sources */,
				C197C7AE17734BD6008FD463 /* UAAppDelegateSurrogate.m in Sources */,
			);
			runOnlyForDeploymentPostprocessing = 0;
		};
		B31B6D6915C1467100854074 /* Sources */ = {
			isa = PBXSourcesBuildPhase;
			buildActionMask = 2147483647;
			files = (
			);
			runOnlyForDeploymentPostprocessing = 0;
		};
/* End PBXSourcesBuildPhase section */

/* Begin XCBuildConfiguration section */
		B31B6D5A15C13D5200854074 /* Debug */ = {
			isa = XCBuildConfiguration;
			buildSettings = {
				ALWAYS_SEARCH_USER_PATHS = YES;
				ARCHS = "$(ARCHS_STANDARD_32_BIT)";
				CLANG_CXX_LANGUAGE_STANDARD = "gnu++0x";
				CLANG_ENABLE_OBJC_ARC = YES;
				CLANG_WARN__DUPLICATE_METHOD_MATCH = YES;
				COPY_PHASE_STRIP = NO;
				GCC_C_LANGUAGE_STANDARD = gnu99;
				GCC_DYNAMIC_NO_PIC = NO;
				GCC_OPTIMIZATION_LEVEL = 0;
				GCC_PREPROCESSOR_DEFINITIONS = (
					"DEBUG=1",
					"$(inherited)",
				);
				GCC_SYMBOLS_PRIVATE_EXTERN = NO;
				GCC_VERSION = com.apple.compilers.llvm.clang.1_0;
				GCC_WARN_ABOUT_RETURN_TYPE = YES;
				GCC_WARN_UNINITIALIZED_AUTOS = YES;
				GCC_WARN_UNUSED_VARIABLE = YES;
				IPHONEOS_DEPLOYMENT_TARGET = 4.3;
				SDKROOT = iphoneos;
				VALID_ARCHS = "armv7 i386";
			};
			name = Debug;
		};
		B31B6D5B15C13D5200854074 /* Release */ = {
			isa = XCBuildConfiguration;
			buildSettings = {
				ALWAYS_SEARCH_USER_PATHS = YES;
				ARCHS = "$(ARCHS_STANDARD_32_BIT)";
				CLANG_CXX_LANGUAGE_STANDARD = "gnu++0x";
				CLANG_ENABLE_OBJC_ARC = YES;
				CLANG_WARN__DUPLICATE_METHOD_MATCH = YES;
				COPY_PHASE_STRIP = YES;
				GCC_C_LANGUAGE_STANDARD = gnu99;
				GCC_VERSION = com.apple.compilers.llvm.clang.1_0;
				GCC_WARN_ABOUT_RETURN_TYPE = YES;
				GCC_WARN_UNINITIALIZED_AUTOS = YES;
				GCC_WARN_UNUSED_VARIABLE = YES;
				IPHONEOS_DEPLOYMENT_TARGET = 4.3;
				SDKROOT = iphoneos;
				VALIDATE_PRODUCT = YES;
				VALID_ARCHS = "armv7 i386";
			};
			name = Release;
		};
		B31B6D5D15C13D5200854074 /* Debug */ = {
			isa = XCBuildConfiguration;
			buildSettings = {
				CODE_SIGN_IDENTITY = "iPhone Developer: Pete Hobson (45TGF7V3QL)";
				COPY_PHASE_STRIP = NO;
				DEAD_CODE_STRIPPING = NO;
				FRAMEWORK_SEARCH_PATHS = (
					"$(inherited)",
					"\"$(SRCROOT)\"",
					"\"$(SRCROOT)/..\"",
				);
				GCC_PRECOMPILE_PREFIX_HEADER = YES;
				GCC_PREFIX_HEADER = "ForgeModule-Prefix.pch";
				HEADER_SEARCH_PATHS = "./**";
				LIBRARY_SEARCH_PATHS = (
					"$(inherited)",
					"\"$(SRCROOT)/Airship\"",
				);
				OTHER_LDFLAGS = "-ObjC";
				PRODUCT_NAME = "$(TARGET_NAME)";
				PROVISIONING_PROFILE = "1BD7ABAC-F3F6-40AB-897C-D0E8B9BA29A1";
				SDKROOT = iphoneos;
				SKIP_INSTALL = YES;
				STRIP_STYLE = "non-global";
			};
			name = Debug;
		};
		B31B6D5E15C13D5200854074 /* Release */ = {
			isa = XCBuildConfiguration;
			buildSettings = {
				CODE_SIGN_IDENTITY = "iPhone Developer: Pete Hobson (45TGF7V3QL)";
				COPY_PHASE_STRIP = NO;
				DEAD_CODE_STRIPPING = NO;
				FRAMEWORK_SEARCH_PATHS = (
					"$(inherited)",
					"\"$(SRCROOT)\"",
					"\"$(SRCROOT)/..\"",
				);
				GCC_PRECOMPILE_PREFIX_HEADER = YES;
				GCC_PREFIX_HEADER = "ForgeModule-Prefix.pch";
				HEADER_SEARCH_PATHS = "./**";
				LIBRARY_SEARCH_PATHS = (
					"$(inherited)",
					"\"$(SRCROOT)/Airship\"",
				);
				OTHER_LDFLAGS = "-ObjC";
				PRODUCT_NAME = "$(TARGET_NAME)";
				PROVISIONING_PROFILE = "1BD7ABAC-F3F6-40AB-897C-D0E8B9BA29A1";
				SDKROOT = iphoneos;
				SKIP_INSTALL = YES;
				STRIP_STYLE = "non-global";
			};
			name = Release;
		};
		B31B6D7815C1467100854074 /* Debug */ = {
			isa = XCBuildConfiguration;
			buildSettings = {
				ARCHS = "$(ARCHS_STANDARD_32_BIT)";
				FRAMEWORK_SEARCH_PATHS = (
					"$(inherited)",
					"\"$(SRCROOT)\"",
				);
				GCC_ENABLE_OBJC_EXCEPTIONS = YES;
				GCC_PRECOMPILE_PREFIX_HEADER = YES;
				GCC_PREFIX_HEADER = "";
				GCC_WARN_64_TO_32_BIT_CONVERSION = YES;
				INFOPLIST_FILE = "";
				INSTALL_PATH = "$(LOCAL_LIBRARY_DIR)/Bundles";
				MACOSX_DEPLOYMENT_TARGET = 10.7;
				ONLY_ACTIVE_ARCH = NO;
				PRODUCT_NAME = odr_ua;
				SDKROOT = iphoneos;
				WRAPPER_EXTENSION = bundle;
			};
			name = Debug;
		};
		B31B6D7915C1467100854074 /* Release */ = {
			isa = XCBuildConfiguration;
			buildSettings = {
				ARCHS = "$(ARCHS_STANDARD_32_BIT)";
				DEBUG_INFORMATION_FORMAT = "dwarf-with-dsym";
				FRAMEWORK_SEARCH_PATHS = (
					"$(inherited)",
					"\"$(SRCROOT)\"",
				);
				GCC_ENABLE_OBJC_EXCEPTIONS = YES;
				GCC_PRECOMPILE_PREFIX_HEADER = YES;
				GCC_PREFIX_HEADER = "";
				GCC_WARN_64_TO_32_BIT_CONVERSION = YES;
				INFOPLIST_FILE = "";
				INSTALL_PATH = "$(LOCAL_LIBRARY_DIR)/Bundles";
				MACOSX_DEPLOYMENT_TARGET = 10.7;
				ONLY_ACTIVE_ARCH = NO;
				PRODUCT_NAME = odr_ua;
				SDKROOT = iphoneos;
				WRAPPER_EXTENSION = bundle;
			};
			name = Release;
		};
/* End XCBuildConfiguration section */

/* Begin XCConfigurationList section */
		B31B6D4815C13D5200854074 /* Build configuration list for PBXProject "ForgeModule" */ = {
			isa = XCConfigurationList;
			buildConfigurations = (
				B31B6D5A15C13D5200854074 /* Debug */,
				B31B6D5B15C13D5200854074 /* Release */,
			);
			defaultConfigurationIsVisible = 0;
			defaultConfigurationName = Release;
		};
		B31B6D5C15C13D5200854074 /* Build configuration list for PBXNativeTarget "ForgeModule" */ = {
			isa = XCConfigurationList;
			buildConfigurations = (
				B31B6D5D15C13D5200854074 /* Debug */,
				B31B6D5E15C13D5200854074 /* Release */,
			);
			defaultConfigurationIsVisible = 0;
			defaultConfigurationName = Release;
		};
		B31B6D7715C1467100854074 /* Build configuration list for PBXNativeTarget "ForgeModuleResources" */ = {
			isa = XCConfigurationList;
			buildConfigurations = (
				B31B6D7815C1467100854074 /* Debug */,
				B31B6D7915C1467100854074 /* Release */,
			);
			defaultConfigurationIsVisible = 0;
			defaultConfigurationName = Release;
		};
/* End XCConfigurationList section */
	};
	rootObject = B31B6D4515C13D5200854074 /* Project object */;
}
