// !$*UTF8*$!
{
	archiveVersion = 1;
	classes = {
	};
	objectVersion = 46;
	objects = {

/* Begin PBXAggregateTarget section */
		B3E9B87415C2ED5F00590095 /* UniversalForgeModule */ = {
			isa = PBXAggregateTarget;
			buildConfigurationList = B3E9B87515C2ED5F00590095 /* Build configuration list for PBXAggregateTarget "UniversalForgeModule" */;
			buildPhases = (
				B3E9B87815C2EDC300590095 /* ShellScript */,
			);
			dependencies = (
			);
			name = UniversalForgeModule;
			productName = UniversalForgeModule;
		};
/* End PBXAggregateTarget section */

/* Begin PBXBuildFile section */
		"08e8bc22-61a9-44fd-9b22-8ef0bbc3419cbuild" /* System/Library/Frameworks/UIKit.framework in Frameworks */ = {isa = PBXBuildFile; fileRef = "08e8bc22-61a9-44fd-9b22-8ef0bbc3419cfile" /* System/Library/Frameworks/UIKit.framework */; settings = {ATTRIBUTES = (Weak, ); }; };
		"14b9ba4a-e54a-4fb6-b1aa-a99ad45c5ff0build" /* System/Library/Frameworks/CoreGraphics.framework in Frameworks */ = {isa = PBXBuildFile; fileRef = "14b9ba4a-e54a-4fb6-b1aa-a99ad45c5ff0file" /* System/Library/Frameworks/CoreGraphics.framework */; settings = {ATTRIBUTES = (Weak, ); }; };
		"1ab65deb-f382-414f-a9d1-2879d006c824build" /* System/Library/Frameworks/AudioToolbox.framework in Frameworks */ = {isa = PBXBuildFile; fileRef = "1ab65deb-f382-414f-a9d1-2879d006c824file" /* System/Library/Frameworks/AudioToolbox.framework */; settings = {ATTRIBUTES = (Weak, ); }; };
		"25d31f18-f9b2-424c-aaf4-f9ee55116c0dbuild" /* usr/lib/libsqlite3.dylib in Frameworks */ = {isa = PBXBuildFile; fileRef = "25d31f18-f9b2-424c-aaf4-f9ee55116c0dfile" /* usr/lib/libsqlite3.dylib */; settings = {ATTRIBUTES = (Weak, ); }; };
		"2d9ed745-0c1f-4d04-9ae9-a577c090690cbuild" /* System/Library/Frameworks/SystemConfiguration.framework in Frameworks */ = {isa = PBXBuildFile; fileRef = "2d9ed745-0c1f-4d04-9ae9-a577c090690cfile" /* System/Library/Frameworks/SystemConfiguration.framework */; settings = {ATTRIBUTES = (Weak, ); }; };
		"5966b243-0d35-4952-8311-719ddd9ee060build" /* System/Library/Frameworks/MobileCoreServices.framework in Frameworks */ = {isa = PBXBuildFile; fileRef = "5966b243-0d35-4952-8311-719ddd9ee060file" /* System/Library/Frameworks/MobileCoreServices.framework */; settings = {ATTRIBUTES = (Weak, ); }; };
		"75d26cff-865a-4894-b289-b4f917beeb79build" /* System/Library/Frameworks/MessageUI.framework in Frameworks */ = {isa = PBXBuildFile; fileRef = "75d26cff-865a-4894-b289-b4f917beeb79file" /* System/Library/Frameworks/MessageUI.framework */; settings = {ATTRIBUTES = (Weak, ); }; };
		"8242eb12-16e1-48e6-871f-f0dfa832c0e4build" /* System/Library/Frameworks/CoreLocation.framework in Frameworks */ = {isa = PBXBuildFile; fileRef = "8242eb12-16e1-48e6-871f-f0dfa832c0e4file" /* System/Library/Frameworks/CoreLocation.framework */; settings = {ATTRIBUTES = (Weak, ); }; };
		"8f7df02f-acd6-4025-9643-00ce8d441b63build" /* System/Library/Frameworks/MapKit.framework in Frameworks */ = {isa = PBXBuildFile; fileRef = "8f7df02f-acd6-4025-9643-00ce8d441b63file" /* System/Library/Frameworks/MapKit.framework */; settings = {ATTRIBUTES = (Weak, ); }; };
		"951c249b-d6a0-41ef-9a41-6bbcf258cd6fbuild" /* System/Library/Frameworks/CFNetwork.framework in Frameworks */ = {isa = PBXBuildFile; fileRef = "951c249b-d6a0-41ef-9a41-6bbcf258cd6ffile" /* System/Library/Frameworks/CFNetwork.framework */; settings = {ATTRIBUTES = (Weak, ); }; };
		"99f8035b-f295-4ca8-9012-3aa8dde91e15build" /* System/Library/Frameworks/CoreTelephony.framework in Frameworks */ = {isa = PBXBuildFile; fileRef = "99f8035b-f295-4ca8-9012-3aa8dde91e15file" /* System/Library/Frameworks/CoreTelephony.framework */; settings = {ATTRIBUTES = (Weak, ); }; };
		B307826415C2A393006798D7 /* AssetsLibrary.framework in Frameworks */ = {isa = PBXBuildFile; fileRef = B307826315C2A393006798D7 /* AssetsLibrary.framework */; };
		B307826C15C2A44F006798D7 /* SystemConfiguration.framework in Frameworks */ = {isa = PBXBuildFile; fileRef = B307826B15C2A44F006798D7 /* SystemConfiguration.framework */; };
		B307826E15C2A47B006798D7 /* assets in Resources */ = {isa = PBXBuildFile; fileRef = B307826D15C2A47B006798D7 /* assets */; };
		B33F897B171479080050FB45 /* Default-568h@2x~iphone.png in Resources */ = {isa = PBXBuildFile; fileRef = B33F8970171479080050FB45 /* Default-568h@2x~iphone.png */; };
		B33F897C171479080050FB45 /* Default-Landscape@2x~ipad.png in Resources */ = {isa = PBXBuildFile; fileRef = B33F8971171479080050FB45 /* Default-Landscape@2x~ipad.png */; };
		B33F897D171479080050FB45 /* Default-Landscape~ipad.png in Resources */ = {isa = PBXBuildFile; fileRef = B33F8972171479080050FB45 /* Default-Landscape~ipad.png */; };
		B33F897E171479080050FB45 /* Default-Portrait@2x~ipad.png in Resources */ = {isa = PBXBuildFile; fileRef = B33F8973171479080050FB45 /* Default-Portrait@2x~ipad.png */; };
		B33F897F171479080050FB45 /* Default-Portrait~ipad.png in Resources */ = {isa = PBXBuildFile; fileRef = B33F8974171479080050FB45 /* Default-Portrait~ipad.png */; };
		B33F8980171479080050FB45 /* Default@2x~iphone.png in Resources */ = {isa = PBXBuildFile; fileRef = B33F8975171479080050FB45 /* Default@2x~iphone.png */; };
		B33F8981171479080050FB45 /* Default~iphone.png in Resources */ = {isa = PBXBuildFile; fileRef = B33F8976171479080050FB45 /* Default~iphone.png */; };
		B33F8982171479080050FB45 /* ipad-retina.png in Resources */ = {isa = PBXBuildFile; fileRef = B33F8977171479080050FB45 /* ipad-retina.png */; };
		B33F8983171479080050FB45 /* ipad.png in Resources */ = {isa = PBXBuildFile; fileRef = B33F8978171479080050FB45 /* ipad.png */; };
		B33F8984171479080050FB45 /* normal.png in Resources */ = {isa = PBXBuildFile; fileRef = B33F8979171479080050FB45 /* normal.png */; };
		B33F8985171479080050FB45 /* retina.png in Resources */ = {isa = PBXBuildFile; fileRef = B33F897A171479080050FB45 /* retina.png */; };
		B3F0CB92163AD60B005E099F /* libForgeModule.a in Frameworks */ = {isa = PBXBuildFile; fileRef = B3E58384162714AD00BD59DD /* libForgeModule.a */; };
		B3FC517C15C14B2A003574D9 /* UIKit.framework in Frameworks */ = {isa = PBXBuildFile; fileRef = B3FC517B15C14B2A003574D9 /* UIKit.framework */; };
		B3FC517E15C14B2A003574D9 /* Foundation.framework in Frameworks */ = {isa = PBXBuildFile; fileRef = B3FC517D15C14B2A003574D9 /* Foundation.framework */; };
		B3FC518015C14B2A003574D9 /* CoreGraphics.framework in Frameworks */ = {isa = PBXBuildFile; fileRef = B3FC517F15C14B2A003574D9 /* CoreGraphics.framework */; };
		B3FC518815C14B2A003574D9 /* main.m in Sources */ = {isa = PBXBuildFile; fileRef = B3FC518715C14B2A003574D9 /* main.m */; };
		B3FC519315C14B35003574D9 /* ForgeCore.framework in Frameworks */ = {isa = PBXBuildFile; fileRef = B3FC519215C14B35003574D9 /* ForgeCore.framework */; };
		B3FC519515C14B3C003574D9 /* ForgeCore.bundle in Resources */ = {isa = PBXBuildFile; fileRef = B3FC519415C14B3C003574D9 /* ForgeCore.bundle */; };
		"a3abd0b4-9de8-463c-b651-520755495edbbuild" /* System/Library/Frameworks/Foundation.framework in Frameworks */ = {isa = PBXBuildFile; fileRef = "a3abd0b4-9de8-463c-b651-520755495edbfile" /* System/Library/Frameworks/Foundation.framework */; settings = {ATTRIBUTES = (Weak, ); }; };
		"c9a11866-10f5-4173-9d3d-84768fa669c4build" /* System/Library/Frameworks/Security.framework in Frameworks */ = {isa = PBXBuildFile; fileRef = "c9a11866-10f5-4173-9d3d-84768fa669c4file" /* System/Library/Frameworks/Security.framework */; settings = {ATTRIBUTES = (Weak, ); }; };
		"e0fbcef6-677b-4dab-b88f-d3a438935e53build" /* usr/lib/libz.dylib in Frameworks */ = {isa = PBXBuildFile; fileRef = "e0fbcef6-677b-4dab-b88f-d3a438935e53file" /* usr/lib/libz.dylib */; settings = {ATTRIBUTES = (Weak, ); }; };
/* End PBXBuildFile section */

/* Begin PBXContainerItemProxy section */
		B3E58383162714AD00BD59DD /* PBXContainerItemProxy */ = {
			isa = PBXContainerItemProxy;
			containerPortal = B3E5837A162714AD00BD59DD /* ForgeModule.xcodeproj */;
			proxyType = 2;
			remoteGlobalIDString = B31B6D4E15C13D5200854074;
			remoteInfo = ForgeCore;
		};
		B3E58385162714AD00BD59DD /* PBXContainerItemProxy */ = {
			isa = PBXContainerItemProxy;
			containerPortal = B3E5837A162714AD00BD59DD /* ForgeModule.xcodeproj */;
			proxyType = 2;
			remoteGlobalIDString = B31B6D6D15C1467100854074;
			remoteInfo = ForgeCoreResources;
		};
		B3E58389162714C600BD59DD /* PBXContainerItemProxy */ = {
			isa = PBXContainerItemProxy;
			containerPortal = B3E5837A162714AD00BD59DD /* ForgeModule.xcodeproj */;
			proxyType = 1;
			remoteGlobalIDString = B31B6D4D15C13D5200854074;
			remoteInfo = ForgeModule;
		};
		B3E5838B162714C600BD59DD /* PBXContainerItemProxy */ = {
			isa = PBXContainerItemProxy;
			containerPortal = B3E5837A162714AD00BD59DD /* ForgeModule.xcodeproj */;
			proxyType = 1;
			remoteGlobalIDString = B31B6D6C15C1467100854074;
			remoteInfo = ForgeModuleResources;
		};
/* End PBXContainerItemProxy section */

/* Begin PBXFileReference section */
		"08e8bc22-61a9-44fd-9b22-8ef0bbc3419cfile" /* System/Library/Frameworks/UIKit.framework */ = {isa = PBXFileReference; lastKnownFileType = wrapper.framework; path = System/Library/Frameworks/UIKit.framework; sourceTree = SDKROOT; };
		"14b9ba4a-e54a-4fb6-b1aa-a99ad45c5ff0file" /* System/Library/Frameworks/CoreGraphics.framework */ = {isa = PBXFileReference; lastKnownFileType = wrapper.framework; path = System/Library/Frameworks/CoreGraphics.framework; sourceTree = SDKROOT; };
		"1ab65deb-f382-414f-a9d1-2879d006c824file" /* System/Library/Frameworks/AudioToolbox.framework */ = {isa = PBXFileReference; lastKnownFileType = wrapper.framework; path = System/Library/Frameworks/AudioToolbox.framework; sourceTree = SDKROOT; };
		"25d31f18-f9b2-424c-aaf4-f9ee55116c0dfile" /* usr/lib/libsqlite3.dylib */ = {isa = PBXFileReference; lastKnownFileType = "compiled.mach-o.dylib"; path = usr/lib/libsqlite3.dylib; sourceTree = SDKROOT; };
		"2d9ed745-0c1f-4d04-9ae9-a577c090690cfile" /* System/Library/Frameworks/SystemConfiguration.framework */ = {isa = PBXFileReference; lastKnownFileType = wrapper.framework; path = System/Library/Frameworks/SystemConfiguration.framework; sourceTree = SDKROOT; };
		"5966b243-0d35-4952-8311-719ddd9ee060file" /* System/Library/Frameworks/MobileCoreServices.framework */ = {isa = PBXFileReference; lastKnownFileType = wrapper.framework; path = System/Library/Frameworks/MobileCoreServices.framework; sourceTree = SDKROOT; };
		"75d26cff-865a-4894-b289-b4f917beeb79file" /* System/Library/Frameworks/MessageUI.framework */ = {isa = PBXFileReference; lastKnownFileType = wrapper.framework; path = System/Library/Frameworks/MessageUI.framework; sourceTree = SDKROOT; };
		"8242eb12-16e1-48e6-871f-f0dfa832c0e4file" /* System/Library/Frameworks/CoreLocation.framework */ = {isa = PBXFileReference; lastKnownFileType = wrapper.framework; path = System/Library/Frameworks/CoreLocation.framework; sourceTree = SDKROOT; };
		"8f7df02f-acd6-4025-9643-00ce8d441b63file" /* System/Library/Frameworks/MapKit.framework */ = {isa = PBXFileReference; lastKnownFileType = wrapper.framework; path = System/Library/Frameworks/MapKit.framework; sourceTree = SDKROOT; };
		"951c249b-d6a0-41ef-9a41-6bbcf258cd6ffile" /* System/Library/Frameworks/CFNetwork.framework */ = {isa = PBXFileReference; lastKnownFileType = wrapper.framework; path = System/Library/Frameworks/CFNetwork.framework; sourceTree = SDKROOT; };
		"99f8035b-f295-4ca8-9012-3aa8dde91e15file" /* System/Library/Frameworks/CoreTelephony.framework */ = {isa = PBXFileReference; lastKnownFileType = wrapper.framework; path = System/Library/Frameworks/CoreTelephony.framework; sourceTree = SDKROOT; };
		B307826315C2A393006798D7 /* AssetsLibrary.framework */ = {isa = PBXFileReference; lastKnownFileType = wrapper.framework; name = AssetsLibrary.framework; path = System/Library/Frameworks/AssetsLibrary.framework; sourceTree = SDKROOT; };
		B307826B15C2A44F006798D7 /* SystemConfiguration.framework */ = {isa = PBXFileReference; lastKnownFileType = wrapper.framework; name = SystemConfiguration.framework; path = System/Library/Frameworks/SystemConfiguration.framework; sourceTree = SDKROOT; };
		B307826D15C2A47B006798D7 /* assets */ = {isa = PBXFileReference; lastKnownFileType = folder; path = assets; sourceTree = "<group>"; };
		B33F8970171479080050FB45 /* Default-568h@2x~iphone.png */ = {isa = PBXFileReference; lastKnownFileType = image.png; path = "Default-568h@2x~iphone.png"; sourceTree = "<group>"; };
		B33F8971171479080050FB45 /* Default-Landscape@2x~ipad.png */ = {isa = PBXFileReference; lastKnownFileType = image.png; path = "Default-Landscape@2x~ipad.png"; sourceTree = "<group>"; };
		B33F8972171479080050FB45 /* Default-Landscape~ipad.png */ = {isa = PBXFileReference; lastKnownFileType = image.png; path = "Default-Landscape~ipad.png"; sourceTree = "<group>"; };
		B33F8973171479080050FB45 /* Default-Portrait@2x~ipad.png */ = {isa = PBXFileReference; lastKnownFileType = image.png; path = "Default-Portrait@2x~ipad.png"; sourceTree = "<group>"; };
		B33F8974171479080050FB45 /* Default-Portrait~ipad.png */ = {isa = PBXFileReference; lastKnownFileType = image.png; path = "Default-Portrait~ipad.png"; sourceTree = "<group>"; };
		B33F8975171479080050FB45 /* Default@2x~iphone.png */ = {isa = PBXFileReference; lastKnownFileType = image.png; path = "Default@2x~iphone.png"; sourceTree = "<group>"; };
		B33F8976171479080050FB45 /* Default~iphone.png */ = {isa = PBXFileReference; lastKnownFileType = image.png; path = "Default~iphone.png"; sourceTree = "<group>"; };
		B33F8977171479080050FB45 /* ipad-retina.png */ = {isa = PBXFileReference; lastKnownFileType = image.png; path = "ipad-retina.png"; sourceTree = "<group>"; };
		B33F8978171479080050FB45 /* ipad.png */ = {isa = PBXFileReference; lastKnownFileType = image.png; path = ipad.png; sourceTree = "<group>"; };
		B33F8979171479080050FB45 /* normal.png */ = {isa = PBXFileReference; lastKnownFileType = image.png; path = normal.png; sourceTree = "<group>"; };
		B33F897A171479080050FB45 /* retina.png */ = {isa = PBXFileReference; lastKnownFileType = image.png; path = retina.png; sourceTree = "<group>"; };
		B3E5837A162714AD00BD59DD /* ForgeModule.xcodeproj */ = {isa = PBXFileReference; lastKnownFileType = "wrapper.pb-project"; name = ForgeModule.xcodeproj; path = ForgeModule/ForgeModule.xcodeproj; sourceTree = SOURCE_ROOT; };
		B3FC517715C14B2A003574D9 /* ForgeInspector.app */ = {isa = PBXFileReference; explicitFileType = wrapper.application; includeInIndex = 0; path = ForgeInspector.app; sourceTree = BUILT_PRODUCTS_DIR; };
		B3FC517B15C14B2A003574D9 /* UIKit.framework */ = {isa = PBXFileReference; lastKnownFileType = wrapper.framework; name = UIKit.framework; path = System/Library/Frameworks/UIKit.framework; sourceTree = SDKROOT; };
		B3FC517D15C14B2A003574D9 /* Foundation.framework */ = {isa = PBXFileReference; lastKnownFileType = wrapper.framework; name = Foundation.framework; path = System/Library/Frameworks/Foundation.framework; sourceTree = SDKROOT; };
		B3FC517F15C14B2A003574D9 /* CoreGraphics.framework */ = {isa = PBXFileReference; lastKnownFileType = wrapper.framework; name = CoreGraphics.framework; path = System/Library/Frameworks/CoreGraphics.framework; sourceTree = SDKROOT; };
		B3FC518315C14B2A003574D9 /* ForgeInspector-Info.plist */ = {isa = PBXFileReference; lastKnownFileType = text.plist.xml; path = "ForgeInspector-Info.plist"; sourceTree = "<group>"; };
		B3FC518715C14B2A003574D9 /* main.m */ = {isa = PBXFileReference; lastKnownFileType = sourcecode.c.objc; path = main.m; sourceTree = "<group>"; };
		B3FC518915C14B2A003574D9 /* ForgeInspector-Prefix.pch */ = {isa = PBXFileReference; lastKnownFileType = sourcecode.c.h; path = "ForgeInspector-Prefix.pch"; sourceTree = "<group>"; };
		B3FC519215C14B35003574D9 /* ForgeCore.framework */ = {isa = PBXFileReference; lastKnownFileType = wrapper.framework; path = ForgeCore.framework; sourceTree = "<group>"; };
		B3FC519415C14B3C003574D9 /* ForgeCore.bundle */ = {isa = PBXFileReference; lastKnownFileType = "wrapper.plug-in"; path = ForgeCore.bundle; sourceTree = "<group>"; };
		"a3abd0b4-9de8-463c-b651-520755495edbfile" /* System/Library/Frameworks/Foundation.framework */ = {isa = PBXFileReference; lastKnownFileType = wrapper.framework; path = System/Library/Frameworks/Foundation.framework; sourceTree = SDKROOT; };
		"c9a11866-10f5-4173-9d3d-84768fa669c4file" /* System/Library/Frameworks/Security.framework */ = {isa = PBXFileReference; lastKnownFileType = wrapper.framework; path = System/Library/Frameworks/Security.framework; sourceTree = SDKROOT; };
		"e0fbcef6-677b-4dab-b88f-d3a438935e53file" /* usr/lib/libz.dylib */ = {isa = PBXFileReference; lastKnownFileType = "compiled.mach-o.dylib"; path = usr/lib/libz.dylib; sourceTree = SDKROOT; };
/* End PBXFileReference section */

/* Begin PBXFrameworksBuildPhase section */
		B3FC517415C14B2A003574D9 /* Frameworks */ = {
			isa = PBXFrameworksBuildPhase;
			buildActionMask = 2147483647;
			files = (
				B3F0CB92163AD60B005E099F /* libForgeModule.a in Frameworks */,
				B307826C15C2A44F006798D7 /* SystemConfiguration.framework in Frameworks */,
				B307826415C2A393006798D7 /* AssetsLibrary.framework in Frameworks */,
				B3FC517C15C14B2A003574D9 /* UIKit.framework in Frameworks */,
				B3FC517E15C14B2A003574D9 /* Foundation.framework in Frameworks */,
				B3FC518015C14B2A003574D9 /* CoreGraphics.framework in Frameworks */,
				B3FC519315C14B35003574D9 /* ForgeCore.framework in Frameworks */,
				"951c249b-d6a0-41ef-9a41-6bbcf258cd6fbuild" /* System/Library/Frameworks/CFNetwork.framework in Frameworks */,
				"14b9ba4a-e54a-4fb6-b1aa-a99ad45c5ff0build" /* System/Library/Frameworks/CoreGraphics.framework in Frameworks */,
				"a3abd0b4-9de8-463c-b651-520755495edbbuild" /* System/Library/Frameworks/Foundation.framework in Frameworks */,
				"5966b243-0d35-4952-8311-719ddd9ee060build" /* System/Library/Frameworks/MobileCoreServices.framework in Frameworks */,
				"c9a11866-10f5-4173-9d3d-84768fa669c4build" /* System/Library/Frameworks/Security.framework in Frameworks */,
				"2d9ed745-0c1f-4d04-9ae9-a577c090690cbuild" /* System/Library/Frameworks/SystemConfiguration.framework in Frameworks */,
				"08e8bc22-61a9-44fd-9b22-8ef0bbc3419cbuild" /* System/Library/Frameworks/UIKit.framework in Frameworks */,
				"e0fbcef6-677b-4dab-b88f-d3a438935e53build" /* usr/lib/libz.dylib in Frameworks */,
				"25d31f18-f9b2-424c-aaf4-f9ee55116c0dbuild" /* usr/lib/libsqlite3.dylib in Frameworks */,
				"99f8035b-f295-4ca8-9012-3aa8dde91e15build" /* System/Library/Frameworks/CoreTelephony.framework in Frameworks */,
				"8242eb12-16e1-48e6-871f-f0dfa832c0e4build" /* System/Library/Frameworks/CoreLocation.framework in Frameworks */,
				"75d26cff-865a-4894-b289-b4f917beeb79build" /* System/Library/Frameworks/MessageUI.framework in Frameworks */,
				"1ab65deb-f382-414f-a9d1-2879d006c824build" /* System/Library/Frameworks/AudioToolbox.framework in Frameworks */,
				"8f7df02f-acd6-4025-9643-00ce8d441b63build" /* System/Library/Frameworks/MapKit.framework in Frameworks */,
			);
			runOnlyForDeploymentPostprocessing = 0;
		};
/* End PBXFrameworksBuildPhase section */

/* Begin PBXGroup section */
		B3E5837B162714AD00BD59DD /* Products */ = {
			isa = PBXGroup;
			children = (
				B3E58384162714AD00BD59DD /* libForgeModule.a */,
				B3E58386162714AD00BD59DD /* plugin.bundle */,
			);
			name = Products;
			sourceTree = "<group>";
		};
		B3FC516C15C14B2A003574D9 = {
			isa = PBXGroup;
			children = (
				B3E5837A162714AD00BD59DD /* ForgeModule.xcodeproj */,
				B3FC518115C14B2A003574D9 /* ForgeInspector */,
				B3FC517A15C14B2A003574D9 /* Frameworks */,
				B3FC517815C14B2A003574D9 /* Products */,
			);
			sourceTree = "<group>";
		};
		B3FC517815C14B2A003574D9 /* Products */ = {
			isa = PBXGroup;
			children = (
				B3FC517715C14B2A003574D9 /* ForgeInspector.app */,
			);
			name = Products;
			sourceTree = "<group>";
		};
		B3FC517A15C14B2A003574D9 /* Frameworks */ = {
			isa = PBXGroup;
			children = (
				B307826B15C2A44F006798D7 /* SystemConfiguration.framework */,
				B307826315C2A393006798D7 /* AssetsLibrary.framework */,
				B3FC519415C14B3C003574D9 /* ForgeCore.bundle */,
				B3FC519215C14B35003574D9 /* ForgeCore.framework */,
				B3FC517B15C14B2A003574D9 /* UIKit.framework */,
				B3FC517D15C14B2A003574D9 /* Foundation.framework */,
				B3FC517F15C14B2A003574D9 /* CoreGraphics.framework */,
				"951c249b-d6a0-41ef-9a41-6bbcf258cd6ffile" /* System/Library/Frameworks/CFNetwork.framework */,
				"14b9ba4a-e54a-4fb6-b1aa-a99ad45c5ff0file" /* System/Library/Frameworks/CoreGraphics.framework */,
				"a3abd0b4-9de8-463c-b651-520755495edbfile" /* System/Library/Frameworks/Foundation.framework */,
				"5966b243-0d35-4952-8311-719ddd9ee060file" /* System/Library/Frameworks/MobileCoreServices.framework */,
				"c9a11866-10f5-4173-9d3d-84768fa669c4file" /* System/Library/Frameworks/Security.framework */,
				"2d9ed745-0c1f-4d04-9ae9-a577c090690cfile" /* System/Library/Frameworks/SystemConfiguration.framework */,
				"08e8bc22-61a9-44fd-9b22-8ef0bbc3419cfile" /* System/Library/Frameworks/UIKit.framework */,
				"e0fbcef6-677b-4dab-b88f-d3a438935e53file" /* usr/lib/libz.dylib */,
				"25d31f18-f9b2-424c-aaf4-f9ee55116c0dfile" /* usr/lib/libsqlite3.dylib */,
				"99f8035b-f295-4ca8-9012-3aa8dde91e15file" /* System/Library/Frameworks/CoreTelephony.framework */,
				"8242eb12-16e1-48e6-871f-f0dfa832c0e4file" /* System/Library/Frameworks/CoreLocation.framework */,
				"75d26cff-865a-4894-b289-b4f917beeb79file" /* System/Library/Frameworks/MessageUI.framework */,
				"1ab65deb-f382-414f-a9d1-2879d006c824file" /* System/Library/Frameworks/AudioToolbox.framework */,
				"8f7df02f-acd6-4025-9643-00ce8d441b63file" /* System/Library/Frameworks/MapKit.framework */,
			);
			name = Frameworks;
			sourceTree = "<group>";
		};
		B3FC518115C14B2A003574D9 /* ForgeInspector */ = {
			isa = PBXGroup;
			children = (
				B307826D15C2A47B006798D7 /* assets */,
				B3FC518215C14B2A003574D9 /* Supporting Files */,
			);
			path = ForgeInspector;
			sourceTree = "<group>";
		};
		B3FC518215C14B2A003574D9 /* Supporting Files */ = {
			isa = PBXGroup;
			children = (
				B33F8970171479080050FB45 /* Default-568h@2x~iphone.png */,
				B33F8971171479080050FB45 /* Default-Landscape@2x~ipad.png */,
				B33F8972171479080050FB45 /* Default-Landscape~ipad.png */,
				B33F8973171479080050FB45 /* Default-Portrait@2x~ipad.png */,
				B33F8974171479080050FB45 /* Default-Portrait~ipad.png */,
				B33F8975171479080050FB45 /* Default@2x~iphone.png */,
				B33F8976171479080050FB45 /* Default~iphone.png */,
				B33F8977171479080050FB45 /* ipad-retina.png */,
				B33F8978171479080050FB45 /* ipad.png */,
				B33F8979171479080050FB45 /* normal.png */,
				B33F897A171479080050FB45 /* retina.png */,
				B3FC518315C14B2A003574D9 /* ForgeInspector-Info.plist */,
				B3FC518715C14B2A003574D9 /* main.m */,
				B3FC518915C14B2A003574D9 /* ForgeInspector-Prefix.pch */,
			);
			name = "Supporting Files";
			sourceTree = "<group>";
		};
/* End PBXGroup section */

/* Begin PBXNativeTarget section */
		B3FC517615C14B2A003574D9 /* ForgeInspector */ = {
			isa = PBXNativeTarget;
			buildConfigurationList = B3FC518F15C14B2A003574D9 /* Build configuration list for PBXNativeTarget "ForgeInspector" */;
			buildPhases = (
				B3FC517315C14B2A003574D9 /* Sources */,
				B3FC517415C14B2A003574D9 /* Frameworks */,
				B3FC517515C14B2A003574D9 /* Resources */,
			);
			buildRules = (
			);
			dependencies = (
				B3E5838A162714C600BD59DD /* PBXTargetDependency */,
				B3E5838C162714C600BD59DD /* PBXTargetDependency */,
			);
			name = ForgeInspector;
			productName = ForgeInspector;
			productReference = B3FC517715C14B2A003574D9 /* ForgeInspector.app */;
			productType = "com.apple.product-type.application";
		};
/* End PBXNativeTarget section */

/* Begin PBXProject section */
		B3FC516E15C14B2A003574D9 /* Project object */ = {
			isa = PBXProject;
			attributes = {
				LastUpgradeCheck = 0460;
				ORGANIZATIONNAME = "Trigger Corp";
			};
			buildConfigurationList = B3FC517115C14B2A003574D9 /* Build configuration list for PBXProject "ForgeInspector" */;
			compatibilityVersion = "Xcode 3.2";
			developmentRegion = English;
			hasScannedForEncodings = 0;
			knownRegions = (
				en,
			);
			mainGroup = B3FC516C15C14B2A003574D9;
			productRefGroup = B3FC517815C14B2A003574D9 /* Products */;
			projectDirPath = "";
			projectReferences = (
				{
					ProductGroup = B3E5837B162714AD00BD59DD /* Products */;
					ProjectRef = B3E5837A162714AD00BD59DD /* ForgeModule.xcodeproj */;
				},
			);
			projectRoot = "";
			targets = (
				B3FC517615C14B2A003574D9 /* ForgeInspector */,
				B3E9B87415C2ED5F00590095 /* UniversalForgeModule */,
			);
		};
/* End PBXProject section */

/* Begin PBXReferenceProxy section */
		B3E58384162714AD00BD59DD /* libForgeModule.a */ = {
			isa = PBXReferenceProxy;
			fileType = archive.ar;
			path = libForgeModule.a;
			remoteRef = B3E58383162714AD00BD59DD /* PBXContainerItemProxy */;
			sourceTree = BUILT_PRODUCTS_DIR;
		};
		B3E58386162714AD00BD59DD /* plugin.bundle */ = {
			isa = PBXReferenceProxy;
			fileType = wrapper.cfbundle;
			path = odr_ua.bundle;
			remoteRef = B3E58385162714AD00BD59DD /* PBXContainerItemProxy */;
			sourceTree = BUILT_PRODUCTS_DIR;
		};
/* End PBXReferenceProxy section */

/* Begin PBXResourcesBuildPhase section */
		B3FC517515C14B2A003574D9 /* Resources */ = {
			isa = PBXResourcesBuildPhase;
			buildActionMask = 2147483647;
			files = (
				B3FC519515C14B3C003574D9 /* ForgeCore.bundle in Resources */,
				B307826E15C2A47B006798D7 /* assets in Resources */,
				B33F897B171479080050FB45 /* Default-568h@2x~iphone.png in Resources */,
				B33F897C171479080050FB45 /* Default-Landscape@2x~ipad.png in Resources */,
				B33F897D171479080050FB45 /* Default-Landscape~ipad.png in Resources */,
				B33F897E171479080050FB45 /* Default-Portrait@2x~ipad.png in Resources */,
				B33F897F171479080050FB45 /* Default-Portrait~ipad.png in Resources */,
				B33F8980171479080050FB45 /* Default@2x~iphone.png in Resources */,
				B33F8981171479080050FB45 /* Default~iphone.png in Resources */,
				B33F8982171479080050FB45 /* ipad-retina.png in Resources */,
				B33F8983171479080050FB45 /* ipad.png in Resources */,
				B33F8984171479080050FB45 /* normal.png in Resources */,
				B33F8985171479080050FB45 /* retina.png in Resources */,
			);
			runOnlyForDeploymentPostprocessing = 0;
		};
/* End PBXResourcesBuildPhase section */

/* Begin PBXShellScriptBuildPhase section */
		B3E9B87815C2EDC300590095 /* ShellScript */ = {
			isa = PBXShellScriptBuildPhase;
			buildActionMask = 2147483647;
			files = (
			);
			inputPaths = (
			);
			outputPaths = (
			);
			runOnlyForDeploymentPostprocessing = 0;
			shellPath = /bin/sh;
			shellScript = "# Building both architectures.\ncd ForgeModule\nxcodebuild -configuration \"Release\" -target ForgeModule -sdk iphoneos\nxcodebuild -configuration \"Release\" -target ForgeModuleResources -sdk iphoneos\nxcodebuild -configuration \"Release\" -target ForgeModule -sdk iphonesimulator\n\nrm -rf ../build\nmkdir ../build\n\n# Uses the Lipo Tool to merge both binary files (i386 + armv7) into one Universal final product.\nlipo -create \"build/Release-iphoneos/libForgeModule.a\" \"build/Release-iphonesimulator/libForgeModule.a\" -output \"../build/plugin.a\"\nmv build/Release-iphoneos/*.bundle ../build 2>>/dev/null || echo \"No bundle file.\"\n";
		};
/* End PBXShellScriptBuildPhase section */

/* Begin PBXSourcesBuildPhase section */
		B3FC517315C14B2A003574D9 /* Sources */ = {
			isa = PBXSourcesBuildPhase;
			buildActionMask = 2147483647;
			files = (
				B3FC518815C14B2A003574D9 /* main.m in Sources */,
			);
			runOnlyForDeploymentPostprocessing = 0;
		};
/* End PBXSourcesBuildPhase section */

/* Begin PBXTargetDependency section */
		B3E5838A162714C600BD59DD /* PBXTargetDependency */ = {
			isa = PBXTargetDependency;
			name = ForgeModule;
			targetProxy = B3E58389162714C600BD59DD /* PBXContainerItemProxy */;
		};
		B3E5838C162714C600BD59DD /* PBXTargetDependency */ = {
			isa = PBXTargetDependency;
			name = ForgeModuleResources;
			targetProxy = B3E5838B162714C600BD59DD /* PBXContainerItemProxy */;
		};
/* End PBXTargetDependency section */

/* Begin XCBuildConfiguration section */
		B3E9B87615C2ED5F00590095 /* Debug */ = {
			isa = XCBuildConfiguration;
			buildSettings = {
				PRODUCT_NAME = "$(TARGET_NAME)";
			};
			name = Debug;
		};
		B3E9B87715C2ED5F00590095 /* Release */ = {
			isa = XCBuildConfiguration;
			buildSettings = {
				PRODUCT_NAME = "$(TARGET_NAME)";
			};
			name = Release;
		};
		B3FC518D15C14B2A003574D9 /* Debug */ = {
			isa = XCBuildConfiguration;
			buildSettings = {
				ALWAYS_SEARCH_USER_PATHS = NO;
				CLANG_CXX_LANGUAGE_STANDARD = "gnu++0x";
				CLANG_ENABLE_OBJC_ARC = YES;
				CLANG_WARN__DUPLICATE_METHOD_MATCH = YES;
				COPY_PHASE_STRIP = NO;
				GCC_C_LANGUAGE_STANDARD = gnu99;
				GCC_DYNAMIC_NO_PIC = NO;
				GCC_OPTIMIZATION_LEVEL = 0;
				GCC_PREPROCESSOR_DEFINITIONS = (
					"DEBUG=1",
					"$(inherited)",
				);
				GCC_SYMBOLS_PRIVATE_EXTERN = NO;
				GCC_VERSION = com.apple.compilers.llvm.clang.1_0;
				GCC_WARN_ABOUT_RETURN_TYPE = YES;
				GCC_WARN_UNINITIALIZED_AUTOS = YES;
				GCC_WARN_UNUSED_VARIABLE = YES;
				IPHONEOS_DEPLOYMENT_TARGET = 5.0.1;
				SDKROOT = iphoneos;
				TARGETED_DEVICE_FAMILY = "1,2";
				VALID_ARCHS = "i386 armv7";
			};
			name = Debug;
		};
		B3FC518E15C14B2A003574D9 /* Release */ = {
			isa = XCBuildConfiguration;
			buildSettings = {
				ALWAYS_SEARCH_USER_PATHS = NO;
				CLANG_CXX_LANGUAGE_STANDARD = "gnu++0x";
				CLANG_ENABLE_OBJC_ARC = YES;
				CLANG_WARN__DUPLICATE_METHOD_MATCH = YES;
				COPY_PHASE_STRIP = YES;
				GCC_C_LANGUAGE_STANDARD = gnu99;
				GCC_VERSION = com.apple.compilers.llvm.clang.1_0;
				GCC_WARN_ABOUT_RETURN_TYPE = YES;
				GCC_WARN_UNINITIALIZED_AUTOS = YES;
				GCC_WARN_UNUSED_VARIABLE = YES;
				IPHONEOS_DEPLOYMENT_TARGET = 5.0.1;
				OTHER_CFLAGS = "-DNS_BLOCK_ASSERTIONS=1";
				SDKROOT = iphoneos;
				TARGETED_DEVICE_FAMILY = "1,2";
				VALID_ARCHS = "i386 armv7";
			};
			name = Release;
		};
		B3FC519015C14B2A003574D9 /* Debug */ = {
			isa = XCBuildConfiguration;
			buildSettings = {
				FRAMEWORK_SEARCH_PATHS = (
					"$(inherited)",
					"\"$(SRCROOT)\"",
				);
				GCC_PRECOMPILE_PREFIX_HEADER = YES;
				GCC_PREFIX_HEADER = "ForgeInspector/ForgeInspector-Prefix.pch";
				INFOPLIST_FILE = "ForgeInspector/ForgeInspector-Info.plist";
				OTHER_LDFLAGS = (
					"-ObjC",
					"-all_load",
				);
				PRODUCT_NAME = "$(TARGET_NAME)";
				WRAPPER_EXTENSION = app;
			};
			name = Debug;
		};
		B3FC519115C14B2A003574D9 /* Release */ = {
			isa = XCBuildConfiguration;
			buildSettings = {
				FRAMEWORK_SEARCH_PATHS = (
					"$(inherited)",
					"\"$(SRCROOT)\"",
				);
				GCC_PRECOMPILE_PREFIX_HEADER = YES;
				GCC_PREFIX_HEADER = "ForgeInspector/ForgeInspector-Prefix.pch";
				INFOPLIST_FILE = "ForgeInspector/ForgeInspector-Info.plist";
				OTHER_LDFLAGS = (
					"-ObjC",
					"-all_load",
				);
				PRODUCT_NAME = "$(TARGET_NAME)";
				WRAPPER_EXTENSION = app;
			};
			name = Release;
		};
/* End XCBuildConfiguration section */

/* Begin XCConfigurationList section */
		B3E9B87515C2ED5F00590095 /* Build configuration list for PBXAggregateTarget "UniversalForgeModule" */ = {
			isa = XCConfigurationList;
			buildConfigurations = (
				B3E9B87615C2ED5F00590095 /* Debug */,
				B3E9B87715C2ED5F00590095 /* Release */,
			);
			defaultConfigurationIsVisible = 0;
			defaultConfigurationName = Release;
		};
		B3FC517115C14B2A003574D9 /* Build configuration list for PBXProject "ForgeInspector" */ = {
			isa = XCConfigurationList;
			buildConfigurations = (
				B3FC518D15C14B2A003574D9 /* Debug */,
				B3FC518E15C14B2A003574D9 /* Release */,
			);
			defaultConfigurationIsVisible = 0;
			defaultConfigurationName = Release;
		};
		B3FC518F15C14B2A003574D9 /* Build configuration list for PBXNativeTarget "ForgeInspector" */ = {
			isa = XCConfigurationList;
			buildConfigurations = (
				B3FC519015C14B2A003574D9 /* Debug */,
				B3FC519115C14B2A003574D9 /* Release */,
			);
			defaultConfigurationIsVisible = 0;
			defaultConfigurationName = Release;
		};
/* End XCConfigurationList section */
	};
	rootObject = B3FC516E15C14B2A003574D9 /* Project object */;
}
