<?xml version="1.0" encoding="UTF-8"?>
<!DOCTYPE plist PUBLIC "-//Apple//DTD PLIST 1.0//EN" "http://www.apple.com/DTDs/PropertyList-1.0.dtd">
<plist version="1.0">
<dict>
	<key>archiveVersion</key>
	<string>1</string>
	<key>classes</key>
	<dict>
	</dict>
	<key>objectVersion</key>
	<string>46</string>
	<key>objects</key>
	<dict>
		<key>20b61a2f-5828-4aee-96ab-feafe610ecbcbuild</key>
		<dict>
			<key>fileRef</key>
			<string>20b61a2f-5828-4aee-96ab-feafe610ecbcfile</string>
			<key>isa</key>
			<string>PBXBuildFile</string>
			<key>settings</key>
			<dict>
				<key>ATTRIBUTES</key>
				<array>
					<string>Weak</string>
				</array>
			</dict>
		</dict>
		<key>20b61a2f-5828-4aee-96ab-feafe610ecbcfile</key>
		<dict>
			<key>isa</key>
			<string>PBXFileReference</string>
			<key>path</key>
			<string>usr/lib/libz.dylib</string>
			<key>sourceTree</key>
			<string>SDKROOT</string>
		</dict>
		<key>536c6293-c15f-445d-b309-7aba9c33ca9fbuild</key>
		<dict>
			<key>fileRef</key>
			<string>536c6293-c15f-445d-b309-7aba9c33ca9ffile</string>
			<key>isa</key>
			<string>PBXBuildFile</string>
			<key>settings</key>
			<dict>
				<key>ATTRIBUTES</key>
				<array>
					<string>Weak</string>
				</array>
			</dict>
		</dict>
		<key>536c6293-c15f-445d-b309-7aba9c33ca9ffile</key>
		<dict>
			<key>isa</key>
			<string>PBXFileReference</string>
			<key>path</key>
			<string>System/Library/Frameworks/MobileCoreServices.framework</string>
			<key>sourceTree</key>
			<string>SDKROOT</string>
		</dict>
		<key>5986bef3-06fb-4379-bb85-3955a774c79abuild</key>
		<dict>
			<key>fileRef</key>
			<string>5986bef3-06fb-4379-bb85-3955a774c79afile</string>
			<key>isa</key>
			<string>PBXBuildFile</string>
			<key>settings</key>
			<dict>
				<key>ATTRIBUTES</key>
				<array>
					<string>Weak</string>
				</array>
			</dict>
		</dict>
		<key>5986bef3-06fb-4379-bb85-3955a774c79afile</key>
		<dict>
			<key>isa</key>
			<string>PBXFileReference</string>
			<key>path</key>
			<string>usr/lib/libsqlite3.dylib</string>
			<key>sourceTree</key>
			<string>SDKROOT</string>
		</dict>
		<key>64be0636-6bb0-4473-ae17-6f8d29f0441abuild</key>
		<dict>
			<key>fileRef</key>
			<string>64be0636-6bb0-4473-ae17-6f8d29f0441afile</string>
			<key>isa</key>
			<string>PBXBuildFile</string>
			<key>settings</key>
			<dict>
				<key>ATTRIBUTES</key>
				<array>
					<string>Weak</string>
				</array>
			</dict>
		</dict>
		<key>64be0636-6bb0-4473-ae17-6f8d29f0441afile</key>
		<dict>
			<key>isa</key>
			<string>PBXFileReference</string>
			<key>path</key>
			<string>System/Library/Frameworks/SystemConfiguration.framework</string>
			<key>sourceTree</key>
			<string>SDKROOT</string>
		</dict>
		<key>740dbb82-3acd-41c5-88df-2ff0dc75a204build</key>
		<dict>
			<key>fileRef</key>
			<string>740dbb82-3acd-41c5-88df-2ff0dc75a204file</string>
			<key>isa</key>
			<string>PBXBuildFile</string>
			<key>settings</key>
			<dict>
				<key>ATTRIBUTES</key>
				<array>
					<string>Weak</string>
				</array>
			</dict>
		</dict>
		<key>740dbb82-3acd-41c5-88df-2ff0dc75a204file</key>
		<dict>
			<key>isa</key>
			<string>PBXFileReference</string>
			<key>path</key>
			<string>System/Library/Frameworks/Foundation.framework</string>
			<key>sourceTree</key>
			<string>SDKROOT</string>
		</dict>
		<key>89e7588f-b347-42f1-9358-b4609846a86fbuild</key>
		<dict>
			<key>fileRef</key>
			<string>89e7588f-b347-42f1-9358-b4609846a86ffile</string>
			<key>isa</key>
			<string>PBXBuildFile</string>
			<key>settings</key>
			<dict>
				<key>ATTRIBUTES</key>
				<array>
					<string>Weak</string>
				</array>
			</dict>
		</dict>
		<key>89e7588f-b347-42f1-9358-b4609846a86ffile</key>
		<dict>
			<key>isa</key>
			<string>PBXFileReference</string>
			<key>path</key>
			<string>System/Library/Frameworks/MapKit.framework</string>
			<key>sourceTree</key>
			<string>SDKROOT</string>
		</dict>
		<key>9a205dc7-2864-4a55-adaa-cff7db29958cbuild</key>
		<dict>
			<key>fileRef</key>
			<string>9a205dc7-2864-4a55-adaa-cff7db29958cfile</string>
			<key>isa</key>
			<string>PBXBuildFile</string>
			<key>settings</key>
			<dict>
				<key>ATTRIBUTES</key>
				<array>
					<string>Weak</string>
				</array>
			</dict>
		</dict>
		<key>9a205dc7-2864-4a55-adaa-cff7db29958cfile</key>
		<dict>
			<key>isa</key>
			<string>PBXFileReference</string>
			<key>path</key>
			<string>System/Library/Frameworks/MessageUI.framework</string>
			<key>sourceTree</key>
			<string>SDKROOT</string>
		</dict>
		<key>B307826315C2A393006798D7</key>
		<dict>
			<key>isa</key>
			<string>PBXFileReference</string>
			<key>lastKnownFileType</key>
			<string>wrapper.framework</string>
			<key>name</key>
			<string>AssetsLibrary.framework</string>
			<key>path</key>
			<string>System/Library/Frameworks/AssetsLibrary.framework</string>
			<key>sourceTree</key>
			<string>SDKROOT</string>
		</dict>
		<key>B307826415C2A393006798D7</key>
		<dict>
			<key>fileRef</key>
			<string>B307826315C2A393006798D7</string>
			<key>isa</key>
			<string>PBXBuildFile</string>
		</dict>
		<key>B307826B15C2A44F006798D7</key>
		<dict>
			<key>isa</key>
			<string>PBXFileReference</string>
			<key>lastKnownFileType</key>
			<string>wrapper.framework</string>
			<key>name</key>
			<string>SystemConfiguration.framework</string>
			<key>path</key>
			<string>System/Library/Frameworks/SystemConfiguration.framework</string>
			<key>sourceTree</key>
			<string>SDKROOT</string>
		</dict>
		<key>B307826C15C2A44F006798D7</key>
		<dict>
			<key>fileRef</key>
			<string>B307826B15C2A44F006798D7</string>
			<key>isa</key>
			<string>PBXBuildFile</string>
		</dict>
		<key>B307826D15C2A47B006798D7</key>
		<dict>
			<key>isa</key>
			<string>PBXFileReference</string>
			<key>lastKnownFileType</key>
			<string>folder</string>
			<key>path</key>
			<string>assets</string>
			<key>sourceTree</key>
			<string>&lt;group&gt;</string>
		</dict>
		<key>B307826E15C2A47B006798D7</key>
		<dict>
			<key>fileRef</key>
			<string>B307826D15C2A47B006798D7</string>
			<key>isa</key>
			<string>PBXBuildFile</string>
		</dict>
		<key>B33F8970171479080050FB45</key>
		<dict>
			<key>isa</key>
			<string>PBXFileReference</string>
			<key>lastKnownFileType</key>
			<string>image.png</string>
			<key>path</key>
			<string>Default-568h@2x~iphone.png</string>
			<key>sourceTree</key>
			<string>&lt;group&gt;</string>
		</dict>
		<key>B33F8971171479080050FB45</key>
		<dict>
			<key>isa</key>
			<string>PBXFileReference</string>
			<key>lastKnownFileType</key>
			<string>image.png</string>
			<key>path</key>
			<string>Default-Landscape@2x~ipad.png</string>
			<key>sourceTree</key>
			<string>&lt;group&gt;</string>
		</dict>
		<key>B33F8972171479080050FB45</key>
		<dict>
			<key>isa</key>
			<string>PBXFileReference</string>
			<key>lastKnownFileType</key>
			<string>image.png</string>
			<key>path</key>
			<string>Default-Landscape~ipad.png</string>
			<key>sourceTree</key>
			<string>&lt;group&gt;</string>
		</dict>
		<key>B33F8973171479080050FB45</key>
		<dict>
			<key>isa</key>
			<string>PBXFileReference</string>
			<key>lastKnownFileType</key>
			<string>image.png</string>
			<key>path</key>
			<string>Default-Portrait@2x~ipad.png</string>
			<key>sourceTree</key>
			<string>&lt;group&gt;</string>
		</dict>
		<key>B33F8974171479080050FB45</key>
		<dict>
			<key>isa</key>
			<string>PBXFileReference</string>
			<key>lastKnownFileType</key>
			<string>image.png</string>
			<key>path</key>
			<string>Default-Portrait~ipad.png</string>
			<key>sourceTree</key>
			<string>&lt;group&gt;</string>
		</dict>
		<key>B33F8975171479080050FB45</key>
		<dict>
			<key>isa</key>
			<string>PBXFileReference</string>
			<key>lastKnownFileType</key>
			<string>image.png</string>
			<key>path</key>
			<string>Default@2x~iphone.png</string>
			<key>sourceTree</key>
			<string>&lt;group&gt;</string>
		</dict>
		<key>B33F8976171479080050FB45</key>
		<dict>
			<key>isa</key>
			<string>PBXFileReference</string>
			<key>lastKnownFileType</key>
			<string>image.png</string>
			<key>path</key>
			<string>Default~iphone.png</string>
			<key>sourceTree</key>
			<string>&lt;group&gt;</string>
		</dict>
		<key>B33F8977171479080050FB45</key>
		<dict>
			<key>isa</key>
			<string>PBXFileReference</string>
			<key>lastKnownFileType</key>
			<string>image.png</string>
			<key>path</key>
			<string>ipad-retina.png</string>
			<key>sourceTree</key>
			<string>&lt;group&gt;</string>
		</dict>
		<key>B33F8978171479080050FB45</key>
		<dict>
			<key>isa</key>
			<string>PBXFileReference</string>
			<key>lastKnownFileType</key>
			<string>image.png</string>
			<key>path</key>
			<string>ipad.png</string>
			<key>sourceTree</key>
			<string>&lt;group&gt;</string>
		</dict>
		<key>B33F8979171479080050FB45</key>
		<dict>
			<key>isa</key>
			<string>PBXFileReference</string>
			<key>lastKnownFileType</key>
			<string>image.png</string>
			<key>path</key>
			<string>normal.png</string>
			<key>sourceTree</key>
			<string>&lt;group&gt;</string>
		</dict>
		<key>B33F897A171479080050FB45</key>
		<dict>
			<key>isa</key>
			<string>PBXFileReference</string>
			<key>lastKnownFileType</key>
			<string>image.png</string>
			<key>path</key>
			<string>retina.png</string>
			<key>sourceTree</key>
			<string>&lt;group&gt;</string>
		</dict>
		<key>B33F897B171479080050FB45</key>
		<dict>
			<key>fileRef</key>
			<string>B33F8970171479080050FB45</string>
			<key>isa</key>
			<string>PBXBuildFile</string>
		</dict>
		<key>B33F897C171479080050FB45</key>
		<dict>
			<key>fileRef</key>
			<string>B33F8971171479080050FB45</string>
			<key>isa</key>
			<string>PBXBuildFile</string>
		</dict>
		<key>B33F897D171479080050FB45</key>
		<dict>
			<key>fileRef</key>
			<string>B33F8972171479080050FB45</string>
			<key>isa</key>
			<string>PBXBuildFile</string>
		</dict>
		<key>B33F897E171479080050FB45</key>
		<dict>
			<key>fileRef</key>
			<string>B33F8973171479080050FB45</string>
			<key>isa</key>
			<string>PBXBuildFile</string>
		</dict>
		<key>B33F897F171479080050FB45</key>
		<dict>
			<key>fileRef</key>
			<string>B33F8974171479080050FB45</string>
			<key>isa</key>
			<string>PBXBuildFile</string>
		</dict>
		<key>B33F8980171479080050FB45</key>
		<dict>
			<key>fileRef</key>
			<string>B33F8975171479080050FB45</string>
			<key>isa</key>
			<string>PBXBuildFile</string>
		</dict>
		<key>B33F8981171479080050FB45</key>
		<dict>
			<key>fileRef</key>
			<string>B33F8976171479080050FB45</string>
			<key>isa</key>
			<string>PBXBuildFile</string>
		</dict>
		<key>B33F8982171479080050FB45</key>
		<dict>
			<key>fileRef</key>
			<string>B33F8977171479080050FB45</string>
			<key>isa</key>
			<string>PBXBuildFile</string>
		</dict>
		<key>B33F8983171479080050FB45</key>
		<dict>
			<key>fileRef</key>
			<string>B33F8978171479080050FB45</string>
			<key>isa</key>
			<string>PBXBuildFile</string>
		</dict>
		<key>B33F8984171479080050FB45</key>
		<dict>
			<key>fileRef</key>
			<string>B33F8979171479080050FB45</string>
			<key>isa</key>
			<string>PBXBuildFile</string>
		</dict>
		<key>B33F8985171479080050FB45</key>
		<dict>
			<key>fileRef</key>
			<string>B33F897A171479080050FB45</string>
			<key>isa</key>
			<string>PBXBuildFile</string>
		</dict>
		<key>B3E5837A162714AD00BD59DD</key>
		<dict>
			<key>isa</key>
			<string>PBXFileReference</string>
			<key>lastKnownFileType</key>
			<string>wrapper.pb-project</string>
			<key>name</key>
			<string>ForgeModule.xcodeproj</string>
			<key>path</key>
			<string>ForgeModule/ForgeModule.xcodeproj</string>
			<key>sourceTree</key>
			<string>SOURCE_ROOT</string>
		</dict>
		<key>B3E5837B162714AD00BD59DD</key>
		<dict>
			<key>children</key>
			<array>
				<string>B3E58384162714AD00BD59DD</string>
				<string>B3E58386162714AD00BD59DD</string>
			</array>
			<key>isa</key>
			<string>PBXGroup</string>
			<key>name</key>
			<string>Products</string>
			<key>sourceTree</key>
			<string>&lt;group&gt;</string>
		</dict>
		<key>B3E58383162714AD00BD59DD</key>
		<dict>
			<key>containerPortal</key>
			<string>B3E5837A162714AD00BD59DD</string>
			<key>isa</key>
			<string>PBXContainerItemProxy</string>
			<key>proxyType</key>
			<string>2</string>
			<key>remoteGlobalIDString</key>
			<string>B31B6D4E15C13D5200854074</string>
			<key>remoteInfo</key>
			<string>ForgeCore</string>
		</dict>
		<key>B3E58384162714AD00BD59DD</key>
		<dict>
			<key>fileType</key>
			<string>archive.ar</string>
			<key>isa</key>
			<string>PBXReferenceProxy</string>
			<key>path</key>
			<string>libForgeModule.a</string>
			<key>remoteRef</key>
			<string>B3E58383162714AD00BD59DD</string>
			<key>sourceTree</key>
			<string>BUILT_PRODUCTS_DIR</string>
		</dict>
		<key>B3E58385162714AD00BD59DD</key>
		<dict>
			<key>containerPortal</key>
			<string>B3E5837A162714AD00BD59DD</string>
			<key>isa</key>
			<string>PBXContainerItemProxy</string>
			<key>proxyType</key>
			<string>2</string>
			<key>remoteGlobalIDString</key>
			<string>B31B6D6D15C1467100854074</string>
			<key>remoteInfo</key>
			<string>ForgeCoreResources</string>
		</dict>
		<key>B3E58386162714AD00BD59DD</key>
		<dict>
			<key>fileType</key>
			<string>wrapper.cfbundle</string>
			<key>isa</key>
			<string>PBXReferenceProxy</string>
			<key>path</key>
			<string>plugin.bundle</string>
			<key>remoteRef</key>
			<string>B3E58385162714AD00BD59DD</string>
			<key>sourceTree</key>
			<string>BUILT_PRODUCTS_DIR</string>
		</dict>
		<key>B3E58389162714C600BD59DD</key>
		<dict>
			<key>containerPortal</key>
			<string>B3E5837A162714AD00BD59DD</string>
			<key>isa</key>
			<string>PBXContainerItemProxy</string>
			<key>proxyType</key>
			<string>1</string>
			<key>remoteGlobalIDString</key>
			<string>B31B6D4D15C13D5200854074</string>
			<key>remoteInfo</key>
			<string>ForgeModule</string>
		</dict>
		<key>B3E5838A162714C600BD59DD</key>
		<dict>
			<key>isa</key>
			<string>PBXTargetDependency</string>
			<key>name</key>
			<string>ForgeModule</string>
			<key>targetProxy</key>
			<string>B3E58389162714C600BD59DD</string>
		</dict>
		<key>B3E5838B162714C600BD59DD</key>
		<dict>
			<key>containerPortal</key>
			<string>B3E5837A162714AD00BD59DD</string>
			<key>isa</key>
			<string>PBXContainerItemProxy</string>
			<key>proxyType</key>
			<string>1</string>
			<key>remoteGlobalIDString</key>
			<string>B31B6D6C15C1467100854074</string>
			<key>remoteInfo</key>
			<string>ForgeModuleResources</string>
		</dict>
		<key>B3E5838C162714C600BD59DD</key>
		<dict>
			<key>isa</key>
			<string>PBXTargetDependency</string>
			<key>name</key>
			<string>ForgeModuleResources</string>
			<key>targetProxy</key>
			<string>B3E5838B162714C600BD59DD</string>
		</dict>
		<key>B3E9B87415C2ED5F00590095</key>
		<dict>
			<key>buildConfigurationList</key>
			<string>B3E9B87515C2ED5F00590095</string>
			<key>buildPhases</key>
			<array>
				<string>B3E9B87815C2EDC300590095</string>
			</array>
			<key>dependencies</key>
			<array>
			</array>
			<key>isa</key>
			<string>PBXAggregateTarget</string>
			<key>name</key>
			<string>UniversalForgeModule</string>
			<key>productName</key>
			<string>UniversalForgeModule</string>
		</dict>
		<key>B3E9B87515C2ED5F00590095</key>
		<dict>
			<key>buildConfigurations</key>
			<array>
				<string>B3E9B87615C2ED5F00590095</string>
				<string>B3E9B87715C2ED5F00590095</string>
			</array>
			<key>defaultConfigurationIsVisible</key>
			<string>0</string>
			<key>defaultConfigurationName</key>
			<string>Release</string>
			<key>isa</key>
			<string>XCConfigurationList</string>
		</dict>
		<key>B3E9B87615C2ED5F00590095</key>
		<dict>
			<key>buildSettings</key>
			<dict>
				<key>PRODUCT_NAME</key>
				<string>$(TARGET_NAME)</string>
			</dict>
			<key>isa</key>
			<string>XCBuildConfiguration</string>
			<key>name</key>
			<string>Debug</string>
		</dict>
		<key>B3E9B87715C2ED5F00590095</key>
		<dict>
			<key>buildSettings</key>
			<dict>
				<key>PRODUCT_NAME</key>
				<string>$(TARGET_NAME)</string>
			</dict>
			<key>isa</key>
			<string>XCBuildConfiguration</string>
			<key>name</key>
			<string>Release</string>
		</dict>
		<key>B3E9B87815C2EDC300590095</key>
		<dict>
			<key>buildActionMask</key>
			<string>2147483647</string>
			<key>files</key>
			<array>
			</array>
			<key>inputPaths</key>
			<array>
			</array>
			<key>isa</key>
			<string>PBXShellScriptBuildPhase</string>
			<key>outputPaths</key>
			<array>
			</array>
			<key>runOnlyForDeploymentPostprocessing</key>
			<string>0</string>
			<key>shellPath</key>
			<string>/bin/sh</string>
			<key>shellScript</key>
			<string># Building both architectures.
cd ForgeModule
xcodebuild -configuration "Release" -target ForgeModule -sdk iphoneos
xcodebuild -configuration "Release" -target ForgeModuleResources -sdk iphoneos
xcodebuild -configuration "Release" -target ForgeModule -sdk iphonesimulator

rm -rf ../build
mkdir ../build

# Uses the Lipo Tool to merge both binary files (i386 + armv7) into one Universal final product.
lipo -create "build/Release-iphoneos/libForgeModule.a" "build/Release-iphonesimulator/libForgeModule.a" -output "../build/plugin.a"
mv build/Release-iphoneos/*.bundle ../build 2&gt;&gt;/dev/null || echo "No bundle file."
</string>
		</dict>
		<key>B3F0CB92163AD60B005E099F</key>
		<dict>
			<key>fileRef</key>
			<string>B3E58384162714AD00BD59DD</string>
			<key>isa</key>
			<string>PBXBuildFile</string>
		</dict>
		<key>B3FC516C15C14B2A003574D9</key>
		<dict>
			<key>children</key>
			<array>
				<string>B3E5837A162714AD00BD59DD</string>
				<string>B3FC518115C14B2A003574D9</string>
				<string>B3FC517A15C14B2A003574D9</string>
				<string>B3FC517815C14B2A003574D9</string>
			</array>
			<key>isa</key>
			<string>PBXGroup</string>
			<key>sourceTree</key>
			<string>&lt;group&gt;</string>
		</dict>
		<key>B3FC516E15C14B2A003574D9</key>
		<dict>
			<key>attributes</key>
			<dict>
				<key>LastUpgradeCheck</key>
				<string>0440</string>
				<key>ORGANIZATIONNAME</key>
				<string>Trigger Corp</string>
			</dict>
			<key>buildConfigurationList</key>
			<string>B3FC517115C14B2A003574D9</string>
			<key>compatibilityVersion</key>
			<string>Xcode 3.2</string>
			<key>developmentRegion</key>
			<string>English</string>
			<key>hasScannedForEncodings</key>
			<string>0</string>
			<key>isa</key>
			<string>PBXProject</string>
			<key>knownRegions</key>
			<array>
				<string>en</string>
			</array>
			<key>mainGroup</key>
			<string>B3FC516C15C14B2A003574D9</string>
			<key>productRefGroup</key>
			<string>B3FC517815C14B2A003574D9</string>
			<key>projectDirPath</key>
			<string></string>
			<key>projectReferences</key>
			<array>
				<dict>
					<key>ProductGroup</key>
					<string>B3E5837B162714AD00BD59DD</string>
					<key>ProjectRef</key>
					<string>B3E5837A162714AD00BD59DD</string>
				</dict>
			</array>
			<key>projectRoot</key>
			<string></string>
			<key>targets</key>
			<array>
				<string>B3FC517615C14B2A003574D9</string>
				<string>B3E9B87415C2ED5F00590095</string>
			</array>
		</dict>
		<key>B3FC517115C14B2A003574D9</key>
		<dict>
			<key>buildConfigurations</key>
			<array>
				<string>B3FC518D15C14B2A003574D9</string>
				<string>B3FC518E15C14B2A003574D9</string>
			</array>
			<key>defaultConfigurationIsVisible</key>
			<string>0</string>
			<key>defaultConfigurationName</key>
			<string>Release</string>
			<key>isa</key>
			<string>XCConfigurationList</string>
		</dict>
		<key>B3FC517315C14B2A003574D9</key>
		<dict>
			<key>buildActionMask</key>
			<string>2147483647</string>
			<key>files</key>
			<array>
				<string>B3FC518815C14B2A003574D9</string>
			</array>
			<key>isa</key>
			<string>PBXSourcesBuildPhase</string>
			<key>runOnlyForDeploymentPostprocessing</key>
			<string>0</string>
		</dict>
		<key>B3FC517415C14B2A003574D9</key>
		<dict>
			<key>buildActionMask</key>
			<string>2147483647</string>
			<key>files</key>
			<array>
				<string>B3F0CB92163AD60B005E099F</string>
				<string>B307826C15C2A44F006798D7</string>
				<string>B307826415C2A393006798D7</string>
				<string>B3FC517C15C14B2A003574D9</string>
				<string>B3FC517E15C14B2A003574D9</string>
				<string>B3FC518015C14B2A003574D9</string>
				<string>B3FC519315C14B35003574D9</string>
				<string>a4e4a915-6682-47bb-bd50-4f0e592a64cabuild</string>
				<string>ca469e58-bb84-4994-8321-e3d7ed3baaebbuild</string>
				<string>740dbb82-3acd-41c5-88df-2ff0dc75a204build</string>
				<string>536c6293-c15f-445d-b309-7aba9c33ca9fbuild</string>
				<string>f3223310-6f98-4470-8c0f-8773958dd26ebuild</string>
				<string>64be0636-6bb0-4473-ae17-6f8d29f0441abuild</string>
				<string>f37686ec-aec9-4515-9421-064dbd7006b2build</string>
				<string>20b61a2f-5828-4aee-96ab-feafe610ecbcbuild</string>
				<string>5986bef3-06fb-4379-bb85-3955a774c79abuild</string>
				<string>c1859cb7-3f65-4f72-aa6f-7f6a9d974acebuild</string>
				<string>e9d651d7-75d2-4a62-8781-d77cc58d2bbbbuild</string>
				<string>9a205dc7-2864-4a55-adaa-cff7db29958cbuild</string>
				<string>eb3af9b6-3e98-4c2d-b75d-5e9f17c8ee6cbuild</string>
				<string>89e7588f-b347-42f1-9358-b4609846a86fbuild</string>
			</array>
			<key>isa</key>
			<string>PBXFrameworksBuildPhase</string>
			<key>runOnlyForDeploymentPostprocessing</key>
			<string>0</string>
		</dict>
		<key>B3FC517515C14B2A003574D9</key>
		<dict>
			<key>buildActionMask</key>
			<string>2147483647</string>
			<key>files</key>
			<array>
				<string>B3FC519515C14B3C003574D9</string>
				<string>B307826E15C2A47B006798D7</string>
				<string>B33F897B171479080050FB45</string>
				<string>B33F897C171479080050FB45</string>
				<string>B33F897D171479080050FB45</string>
				<string>B33F897E171479080050FB45</string>
				<string>B33F897F171479080050FB45</string>
				<string>B33F8980171479080050FB45</string>
				<string>B33F8981171479080050FB45</string>
				<string>B33F8982171479080050FB45</string>
				<string>B33F8983171479080050FB45</string>
				<string>B33F8984171479080050FB45</string>
				<string>B33F8985171479080050FB45</string>
			</array>
			<key>isa</key>
			<string>PBXResourcesBuildPhase</string>
			<key>runOnlyForDeploymentPostprocessing</key>
			<string>0</string>
		</dict>
		<key>B3FC517615C14B2A003574D9</key>
		<dict>
			<key>buildConfigurationList</key>
			<string>B3FC518F15C14B2A003574D9</string>
			<key>buildPhases</key>
			<array>
				<string>B3FC517315C14B2A003574D9</string>
				<string>B3FC517415C14B2A003574D9</string>
				<string>B3FC517515C14B2A003574D9</string>
			</array>
			<key>buildRules</key>
			<array>
			</array>
			<key>dependencies</key>
			<array>
				<string>B3E5838A162714C600BD59DD</string>
				<string>B3E5838C162714C600BD59DD</string>
			</array>
			<key>isa</key>
			<string>PBXNativeTarget</string>
			<key>name</key>
			<string>ForgeInspector</string>
			<key>productName</key>
			<string>ForgeInspector</string>
			<key>productReference</key>
			<string>B3FC517715C14B2A003574D9</string>
			<key>productType</key>
			<string>com.apple.product-type.application</string>
		</dict>
		<key>B3FC517715C14B2A003574D9</key>
		<dict>
			<key>explicitFileType</key>
			<string>wrapper.application</string>
			<key>includeInIndex</key>
			<string>0</string>
			<key>isa</key>
			<string>PBXFileReference</string>
			<key>path</key>
			<string>ForgeInspector.app</string>
			<key>sourceTree</key>
			<string>BUILT_PRODUCTS_DIR</string>
		</dict>
		<key>B3FC517815C14B2A003574D9</key>
		<dict>
			<key>children</key>
			<array>
				<string>B3FC517715C14B2A003574D9</string>
			</array>
			<key>isa</key>
			<string>PBXGroup</string>
			<key>name</key>
			<string>Products</string>
			<key>sourceTree</key>
			<string>&lt;group&gt;</string>
		</dict>
		<key>B3FC517A15C14B2A003574D9</key>
		<dict>
			<key>children</key>
			<array>
				<string>B307826B15C2A44F006798D7</string>
				<string>B307826315C2A393006798D7</string>
				<string>B3FC519415C14B3C003574D9</string>
				<string>B3FC519215C14B35003574D9</string>
				<string>B3FC517B15C14B2A003574D9</string>
				<string>B3FC517D15C14B2A003574D9</string>
				<string>B3FC517F15C14B2A003574D9</string>
				<string>a4e4a915-6682-47bb-bd50-4f0e592a64cafile</string>
				<string>ca469e58-bb84-4994-8321-e3d7ed3baaebfile</string>
				<string>740dbb82-3acd-41c5-88df-2ff0dc75a204file</string>
				<string>536c6293-c15f-445d-b309-7aba9c33ca9ffile</string>
				<string>f3223310-6f98-4470-8c0f-8773958dd26efile</string>
				<string>64be0636-6bb0-4473-ae17-6f8d29f0441afile</string>
				<string>f37686ec-aec9-4515-9421-064dbd7006b2file</string>
				<string>20b61a2f-5828-4aee-96ab-feafe610ecbcfile</string>
				<string>5986bef3-06fb-4379-bb85-3955a774c79afile</string>
				<string>c1859cb7-3f65-4f72-aa6f-7f6a9d974acefile</string>
				<string>e9d651d7-75d2-4a62-8781-d77cc58d2bbbfile</string>
				<string>9a205dc7-2864-4a55-adaa-cff7db29958cfile</string>
				<string>eb3af9b6-3e98-4c2d-b75d-5e9f17c8ee6cfile</string>
				<string>89e7588f-b347-42f1-9358-b4609846a86ffile</string>
			</array>
			<key>isa</key>
			<string>PBXGroup</string>
			<key>name</key>
			<string>Frameworks</string>
			<key>sourceTree</key>
			<string>&lt;group&gt;</string>
		</dict>
		<key>B3FC517B15C14B2A003574D9</key>
		<dict>
			<key>isa</key>
			<string>PBXFileReference</string>
			<key>lastKnownFileType</key>
			<string>wrapper.framework</string>
			<key>name</key>
			<string>UIKit.framework</string>
			<key>path</key>
			<string>System/Library/Frameworks/UIKit.framework</string>
			<key>sourceTree</key>
			<string>SDKROOT</string>
		</dict>
		<key>B3FC517C15C14B2A003574D9</key>
		<dict>
			<key>fileRef</key>
			<string>B3FC517B15C14B2A003574D9</string>
			<key>isa</key>
			<string>PBXBuildFile</string>
		</dict>
		<key>B3FC517D15C14B2A003574D9</key>
		<dict>
			<key>isa</key>
			<string>PBXFileReference</string>
			<key>lastKnownFileType</key>
			<string>wrapper.framework</string>
			<key>name</key>
			<string>Foundation.framework</string>
			<key>path</key>
			<string>System/Library/Frameworks/Foundation.framework</string>
			<key>sourceTree</key>
			<string>SDKROOT</string>
		</dict>
		<key>B3FC517E15C14B2A003574D9</key>
		<dict>
			<key>fileRef</key>
			<string>B3FC517D15C14B2A003574D9</string>
			<key>isa</key>
			<string>PBXBuildFile</string>
		</dict>
		<key>B3FC517F15C14B2A003574D9</key>
		<dict>
			<key>isa</key>
			<string>PBXFileReference</string>
			<key>lastKnownFileType</key>
			<string>wrapper.framework</string>
			<key>name</key>
			<string>CoreGraphics.framework</string>
			<key>path</key>
			<string>System/Library/Frameworks/CoreGraphics.framework</string>
			<key>sourceTree</key>
			<string>SDKROOT</string>
		</dict>
		<key>B3FC518015C14B2A003574D9</key>
		<dict>
			<key>fileRef</key>
			<string>B3FC517F15C14B2A003574D9</string>
			<key>isa</key>
			<string>PBXBuildFile</string>
		</dict>
		<key>B3FC518115C14B2A003574D9</key>
		<dict>
			<key>children</key>
			<array>
				<string>B307826D15C2A47B006798D7</string>
				<string>B3FC518215C14B2A003574D9</string>
			</array>
			<key>isa</key>
			<string>PBXGroup</string>
			<key>path</key>
			<string>ForgeInspector</string>
			<key>sourceTree</key>
			<string>&lt;group&gt;</string>
		</dict>
		<key>B3FC518215C14B2A003574D9</key>
		<dict>
			<key>children</key>
			<array>
				<string>B33F8970171479080050FB45</string>
				<string>B33F8971171479080050FB45</string>
				<string>B33F8972171479080050FB45</string>
				<string>B33F8973171479080050FB45</string>
				<string>B33F8974171479080050FB45</string>
				<string>B33F8975171479080050FB45</string>
				<string>B33F8976171479080050FB45</string>
				<string>B33F8977171479080050FB45</string>
				<string>B33F8978171479080050FB45</string>
				<string>B33F8979171479080050FB45</string>
				<string>B33F897A171479080050FB45</string>
				<string>B3FC518315C14B2A003574D9</string>
				<string>B3FC518715C14B2A003574D9</string>
				<string>B3FC518915C14B2A003574D9</string>
			</array>
			<key>isa</key>
			<string>PBXGroup</string>
			<key>name</key>
			<string>Supporting Files</string>
			<key>sourceTree</key>
			<string>&lt;group&gt;</string>
		</dict>
		<key>B3FC518315C14B2A003574D9</key>
		<dict>
			<key>isa</key>
			<string>PBXFileReference</string>
			<key>lastKnownFileType</key>
			<string>text.plist.xml</string>
			<key>path</key>
			<string>ForgeInspector-Info.plist</string>
			<key>sourceTree</key>
			<string>&lt;group&gt;</string>
		</dict>
		<key>B3FC518715C14B2A003574D9</key>
		<dict>
			<key>isa</key>
			<string>PBXFileReference</string>
			<key>lastKnownFileType</key>
			<string>sourcecode.c.objc</string>
			<key>path</key>
			<string>main.m</string>
			<key>sourceTree</key>
			<string>&lt;group&gt;</string>
		</dict>
		<key>B3FC518815C14B2A003574D9</key>
		<dict>
			<key>fileRef</key>
			<string>B3FC518715C14B2A003574D9</string>
			<key>isa</key>
			<string>PBXBuildFile</string>
		</dict>
		<key>B3FC518915C14B2A003574D9</key>
		<dict>
			<key>isa</key>
			<string>PBXFileReference</string>
			<key>lastKnownFileType</key>
			<string>sourcecode.c.h</string>
			<key>path</key>
			<string>ForgeInspector-Prefix.pch</string>
			<key>sourceTree</key>
			<string>&lt;group&gt;</string>
		</dict>
		<key>B3FC518D15C14B2A003574D9</key>
		<dict>
			<key>buildSettings</key>
			<dict>
				<key>ALWAYS_SEARCH_USER_PATHS</key>
				<string>NO</string>
				<key>CLANG_CXX_LANGUAGE_STANDARD</key>
				<string>gnu++0x</string>
				<key>CLANG_ENABLE_OBJC_ARC</key>
				<string>YES</string>
				<key>CLANG_WARN__DUPLICATE_METHOD_MATCH</key>
				<string>YES</string>
				<key>COPY_PHASE_STRIP</key>
				<string>NO</string>
				<key>GCC_C_LANGUAGE_STANDARD</key>
				<string>gnu99</string>
				<key>GCC_DYNAMIC_NO_PIC</key>
				<string>NO</string>
				<key>GCC_OPTIMIZATION_LEVEL</key>
				<string>0</string>
				<key>GCC_PREPROCESSOR_DEFINITIONS</key>
				<array>
					<string>DEBUG=1</string>
					<string>$(inherited)</string>
				</array>
				<key>GCC_SYMBOLS_PRIVATE_EXTERN</key>
				<string>NO</string>
				<key>GCC_VERSION</key>
				<string>com.apple.compilers.llvm.clang.1_0</string>
				<key>GCC_WARN_ABOUT_RETURN_TYPE</key>
				<string>YES</string>
				<key>GCC_WARN_UNINITIALIZED_AUTOS</key>
				<string>YES</string>
				<key>GCC_WARN_UNUSED_VARIABLE</key>
				<string>YES</string>
				<key>IPHONEOS_DEPLOYMENT_TARGET</key>
				<string>5.0.1</string>
				<key>SDKROOT</key>
				<string>iphoneos</string>
				<key>TARGETED_DEVICE_FAMILY</key>
				<string>1,2</string>
				<key>VALID_ARCHS</key>
				<string>i386 armv7</string>
			</dict>
			<key>isa</key>
			<string>XCBuildConfiguration</string>
			<key>name</key>
			<string>Debug</string>
		</dict>
		<key>B3FC518E15C14B2A003574D9</key>
		<dict>
			<key>buildSettings</key>
			<dict>
				<key>ALWAYS_SEARCH_USER_PATHS</key>
				<string>NO</string>
				<key>CLANG_CXX_LANGUAGE_STANDARD</key>
				<string>gnu++0x</string>
				<key>CLANG_ENABLE_OBJC_ARC</key>
				<string>YES</string>
				<key>CLANG_WARN__DUPLICATE_METHOD_MATCH</key>
				<string>YES</string>
				<key>COPY_PHASE_STRIP</key>
				<string>YES</string>
				<key>GCC_C_LANGUAGE_STANDARD</key>
				<string>gnu99</string>
				<key>GCC_VERSION</key>
				<string>com.apple.compilers.llvm.clang.1_0</string>
				<key>GCC_WARN_ABOUT_RETURN_TYPE</key>
				<string>YES</string>
				<key>GCC_WARN_UNINITIALIZED_AUTOS</key>
				<string>YES</string>
				<key>GCC_WARN_UNUSED_VARIABLE</key>
				<string>YES</string>
				<key>IPHONEOS_DEPLOYMENT_TARGET</key>
				<string>5.0.1</string>
				<key>OTHER_CFLAGS</key>
				<string>-DNS_BLOCK_ASSERTIONS=1</string>
				<key>SDKROOT</key>
				<string>iphoneos</string>
				<key>TARGETED_DEVICE_FAMILY</key>
				<string>1,2</string>
				<key>VALID_ARCHS</key>
				<string>i386 armv7</string>
			</dict>
			<key>isa</key>
			<string>XCBuildConfiguration</string>
			<key>name</key>
			<string>Release</string>
		</dict>
		<key>B3FC518F15C14B2A003574D9</key>
		<dict>
			<key>buildConfigurations</key>
			<array>
				<string>B3FC519015C14B2A003574D9</string>
				<string>B3FC519115C14B2A003574D9</string>
			</array>
			<key>defaultConfigurationIsVisible</key>
			<string>0</string>
			<key>defaultConfigurationName</key>
			<string>Release</string>
			<key>isa</key>
			<string>XCConfigurationList</string>
		</dict>
		<key>B3FC519015C14B2A003574D9</key>
		<dict>
			<key>buildSettings</key>
			<dict>
				<key>FRAMEWORK_SEARCH_PATHS</key>
				<array>
					<string>$(inherited)</string>
					<string>"$(SRCROOT)"</string>
				</array>
				<key>GCC_PRECOMPILE_PREFIX_HEADER</key>
				<string>YES</string>
				<key>GCC_PREFIX_HEADER</key>
				<string>ForgeInspector/ForgeInspector-Prefix.pch</string>
				<key>INFOPLIST_FILE</key>
				<string>ForgeInspector/ForgeInspector-Info.plist</string>
				<key>OTHER_LDFLAGS</key>
				<array>
					<string>-ObjC</string>
					<string>-all_load</string>
				</array>
				<key>PRODUCT_NAME</key>
				<string>$(TARGET_NAME)</string>
				<key>WRAPPER_EXTENSION</key>
				<string>app</string>
			</dict>
			<key>isa</key>
			<string>XCBuildConfiguration</string>
			<key>name</key>
			<string>Debug</string>
		</dict>
		<key>B3FC519115C14B2A003574D9</key>
		<dict>
			<key>buildSettings</key>
			<dict>
				<key>FRAMEWORK_SEARCH_PATHS</key>
				<array>
					<string>$(inherited)</string>
					<string>"$(SRCROOT)"</string>
				</array>
				<key>GCC_PRECOMPILE_PREFIX_HEADER</key>
				<string>YES</string>
				<key>GCC_PREFIX_HEADER</key>
				<string>ForgeInspector/ForgeInspector-Prefix.pch</string>
				<key>INFOPLIST_FILE</key>
				<string>ForgeInspector/ForgeInspector-Info.plist</string>
				<key>OTHER_LDFLAGS</key>
				<array>
					<string>-ObjC</string>
					<string>-all_load</string>
				</array>
				<key>PRODUCT_NAME</key>
				<string>$(TARGET_NAME)</string>
				<key>WRAPPER_EXTENSION</key>
				<string>app</string>
			</dict>
			<key>isa</key>
			<string>XCBuildConfiguration</string>
			<key>name</key>
			<string>Release</string>
		</dict>
		<key>B3FC519215C14B35003574D9</key>
		<dict>
			<key>isa</key>
			<string>PBXFileReference</string>
			<key>lastKnownFileType</key>
			<string>wrapper.framework</string>
			<key>path</key>
			<string>ForgeCore.framework</string>
			<key>sourceTree</key>
			<string>&lt;group&gt;</string>
		</dict>
		<key>B3FC519315C14B35003574D9</key>
		<dict>
			<key>fileRef</key>
			<string>B3FC519215C14B35003574D9</string>
			<key>isa</key>
			<string>PBXBuildFile</string>
		</dict>
		<key>B3FC519415C14B3C003574D9</key>
		<dict>
			<key>isa</key>
			<string>PBXFileReference</string>
			<key>lastKnownFileType</key>
			<string>wrapper.plug-in</string>
			<key>path</key>
			<string>ForgeCore.bundle</string>
			<key>sourceTree</key>
			<string>&lt;group&gt;</string>
		</dict>
		<key>B3FC519515C14B3C003574D9</key>
		<dict>
			<key>fileRef</key>
			<string>B3FC519415C14B3C003574D9</string>
			<key>isa</key>
			<string>PBXBuildFile</string>
		</dict>
		<key>a4e4a915-6682-47bb-bd50-4f0e592a64cabuild</key>
		<dict>
			<key>fileRef</key>
			<string>a4e4a915-6682-47bb-bd50-4f0e592a64cafile</string>
			<key>isa</key>
			<string>PBXBuildFile</string>
			<key>settings</key>
			<dict>
				<key>ATTRIBUTES</key>
				<array>
					<string>Weak</string>
				</array>
			</dict>
		</dict>
		<key>a4e4a915-6682-47bb-bd50-4f0e592a64cafile</key>
		<dict>
			<key>isa</key>
			<string>PBXFileReference</string>
			<key>path</key>
			<string>System/Library/Frameworks/CFNetwork.framework</string>
			<key>sourceTree</key>
			<string>SDKROOT</string>
		</dict>
		<key>c1859cb7-3f65-4f72-aa6f-7f6a9d974acebuild</key>
		<dict>
			<key>fileRef</key>
			<string>c1859cb7-3f65-4f72-aa6f-7f6a9d974acefile</string>
			<key>isa</key>
			<string>PBXBuildFile</string>
			<key>settings</key>
			<dict>
				<key>ATTRIBUTES</key>
				<array>
					<string>Weak</string>
				</array>
			</dict>
		</dict>
		<key>c1859cb7-3f65-4f72-aa6f-7f6a9d974acefile</key>
		<dict>
			<key>isa</key>
			<string>PBXFileReference</string>
			<key>path</key>
			<string>System/Library/Frameworks/CoreTelephony.framework</string>
			<key>sourceTree</key>
			<string>SDKROOT</string>
		</dict>
		<key>ca469e58-bb84-4994-8321-e3d7ed3baaebbuild</key>
		<dict>
			<key>fileRef</key>
			<string>ca469e58-bb84-4994-8321-e3d7ed3baaebfile</string>
			<key>isa</key>
			<string>PBXBuildFile</string>
			<key>settings</key>
			<dict>
				<key>ATTRIBUTES</key>
				<array>
					<string>Weak</string>
				</array>
			</dict>
		</dict>
		<key>ca469e58-bb84-4994-8321-e3d7ed3baaebfile</key>
		<dict>
			<key>isa</key>
			<string>PBXFileReference</string>
			<key>path</key>
			<string>System/Library/Frameworks/CoreGraphics.framework</string>
			<key>sourceTree</key>
			<string>SDKROOT</string>
		</dict>
		<key>e9d651d7-75d2-4a62-8781-d77cc58d2bbbbuild</key>
		<dict>
			<key>fileRef</key>
			<string>e9d651d7-75d2-4a62-8781-d77cc58d2bbbfile</string>
			<key>isa</key>
			<string>PBXBuildFile</string>
			<key>settings</key>
			<dict>
				<key>ATTRIBUTES</key>
				<array>
					<string>Weak</string>
				</array>
			</dict>
		</dict>
		<key>e9d651d7-75d2-4a62-8781-d77cc58d2bbbfile</key>
		<dict>
			<key>isa</key>
			<string>PBXFileReference</string>
			<key>path</key>
			<string>System/Library/Frameworks/CoreLocation.framework</string>
			<key>sourceTree</key>
			<string>SDKROOT</string>
		</dict>
		<key>eb3af9b6-3e98-4c2d-b75d-5e9f17c8ee6cbuild</key>
		<dict>
			<key>fileRef</key>
			<string>eb3af9b6-3e98-4c2d-b75d-5e9f17c8ee6cfile</string>
			<key>isa</key>
			<string>PBXBuildFile</string>
			<key>settings</key>
			<dict>
				<key>ATTRIBUTES</key>
				<array>
					<string>Weak</string>
				</array>
			</dict>
		</dict>
		<key>eb3af9b6-3e98-4c2d-b75d-5e9f17c8ee6cfile</key>
		<dict>
			<key>isa</key>
			<string>PBXFileReference</string>
			<key>path</key>
			<string>System/Library/Frameworks/AudioToolbox.framework</string>
			<key>sourceTree</key>
			<string>SDKROOT</string>
		</dict>
		<key>f3223310-6f98-4470-8c0f-8773958dd26ebuild</key>
		<dict>
			<key>fileRef</key>
			<string>f3223310-6f98-4470-8c0f-8773958dd26efile</string>
			<key>isa</key>
			<string>PBXBuildFile</string>
			<key>settings</key>
			<dict>
				<key>ATTRIBUTES</key>
				<array>
					<string>Weak</string>
				</array>
			</dict>
		</dict>
		<key>f3223310-6f98-4470-8c0f-8773958dd26efile</key>
		<dict>
			<key>isa</key>
			<string>PBXFileReference</string>
			<key>path</key>
			<string>System/Library/Frameworks/Security.framework</string>
			<key>sourceTree</key>
			<string>SDKROOT</string>
		</dict>
		<key>f37686ec-aec9-4515-9421-064dbd7006b2build</key>
		<dict>
			<key>fileRef</key>
			<string>f37686ec-aec9-4515-9421-064dbd7006b2file</string>
			<key>isa</key>
			<string>PBXBuildFile</string>
			<key>settings</key>
			<dict>
				<key>ATTRIBUTES</key>
				<array>
					<string>Weak</string>
				</array>
			</dict>
		</dict>
		<key>f37686ec-aec9-4515-9421-064dbd7006b2file</key>
		<dict>
			<key>isa</key>
			<string>PBXFileReference</string>
			<key>path</key>
			<string>System/Library/Frameworks/UIKit.framework</string>
			<key>sourceTree</key>
			<string>SDKROOT</string>
		</dict>
	</dict>
	<key>rootObject</key>
	<string>B3FC516E15C14B2A003574D9</string>
</dict>
</plist>
